// !$*UTF8*$!
{
	archiveVersion = 1;
	classes = {
	};
	objectVersion = 46;
	objects = {

/* Begin PBXBuildFile section */
		1F06D20715DB446200F91575 /* libPlacesClient.a in Frameworks */ = {isa = PBXBuildFile; fileRef = 1F06D20215DB443100F91575 /* libPlacesClient.a */; };
		1F06D20A15DB447F00F91575 /* libPlacesClient.a in Frameworks */ = {isa = PBXBuildFile; fileRef = 1F06D20215DB443100F91575 /* libPlacesClient.a */; };
		1F08CB0A15E480D200E3063E /* TAWalkStep.m in Sources */ = {isa = PBXBuildFile; fileRef = 1F08CB0915E480D100E3063E /* TAWalkStep.m */; };
		1F08CB0D15E480F100E3063E /* TATransitStep.m in Sources */ = {isa = PBXBuildFile; fileRef = 1F08CB0C15E480F100E3063E /* TATransitStep.m */; };
		1F08CB2615E4E36600E3063E /* LocationInputBackground.png in Resources */ = {isa = PBXBuildFile; fileRef = 1F08CB2515E4E36600E3063E /* LocationInputBackground.png */; };
		1F0A4D2E15E9CAA30040B2CB /* Swap.png in Resources */ = {isa = PBXBuildFile; fileRef = 1F0A4D2A15E9CAA30040B2CB /* Swap.png */; };
		1F0A4D2F15E9CAA30040B2CB /* Swap@2x.png in Resources */ = {isa = PBXBuildFile; fileRef = 1F0A4D2B15E9CAA30040B2CB /* Swap@2x.png */; };
		1F1A9EBE1603157A00D74BF2 /* List.png in Resources */ = {isa = PBXBuildFile; fileRef = 1F1A9EBC1603157A00D74BF2 /* List.png */; };
		1F1A9EBF1603157A00D74BF2 /* List@2x.png in Resources */ = {isa = PBXBuildFile; fileRef = 1F1A9EBD1603157A00D74BF2 /* List@2x.png */; };
		1F20F3031604462600DC00D7 /* CurrentStepAnnotation.png in Resources */ = {isa = PBXBuildFile; fileRef = 1F20F3011604462600DC00D7 /* CurrentStepAnnotation.png */; };
		1F20F3041604462600DC00D7 /* CurrentStepAnnotation@2x.png in Resources */ = {isa = PBXBuildFile; fileRef = 1F20F3021604462600DC00D7 /* CurrentStepAnnotation@2x.png */; };
		1F20F30A16044D4A00DC00D7 /* CalloutLeft.png in Resources */ = {isa = PBXBuildFile; fileRef = 1F20F30616044D4A00DC00D7 /* CalloutLeft.png */; };
		1F20F30B16044D4A00DC00D7 /* CalloutLeft@2x.png in Resources */ = {isa = PBXBuildFile; fileRef = 1F20F30716044D4A00DC00D7 /* CalloutLeft@2x.png */; };
		1F20F30C16044D4A00DC00D7 /* CalloutRight.png in Resources */ = {isa = PBXBuildFile; fileRef = 1F20F30816044D4A00DC00D7 /* CalloutRight.png */; };
		1F20F30D16044D4A00DC00D7 /* CalloutRight@2x.png in Resources */ = {isa = PBXBuildFile; fileRef = 1F20F30916044D4A00DC00D7 /* CalloutRight@2x.png */; };
		1F20F30F160458FF00DC00D7 /* Map@2x.png in Resources */ = {isa = PBXBuildFile; fileRef = 1F20F30E160458FF00DC00D7 /* Map@2x.png */; };
		1F20F3111604617D00DC00D7 /* Options@2x.png in Resources */ = {isa = PBXBuildFile; fileRef = 1F20F3101604617D00DC00D7 /* Options@2x.png */; };
		1F20F313160471EB00DC00D7 /* Options.png in Resources */ = {isa = PBXBuildFile; fileRef = 1F20F312160471EB00DC00D7 /* Options.png */; };
		1F20F31716051F2300DC00D7 /* Map.png in Resources */ = {isa = PBXBuildFile; fileRef = 1F20F31416051F2300DC00D7 /* Map.png */; };
		1F20F31816051F2300DC00D7 /* SilverButton.png in Resources */ = {isa = PBXBuildFile; fileRef = 1F20F31516051F2300DC00D7 /* SilverButton.png */; };
		1F20F31916051F2300DC00D7 /* SilverButton@2x.png in Resources */ = {isa = PBXBuildFile; fileRef = 1F20F31616051F2300DC00D7 /* SilverButton@2x.png */; };
		1F20F31C160521C700DC00D7 /* SilverBarDivider.png in Resources */ = {isa = PBXBuildFile; fileRef = 1F20F31A160521C700DC00D7 /* SilverBarDivider.png */; };
		1F20F31D160521C700DC00D7 /* SilverBarDivider@2x.png in Resources */ = {isa = PBXBuildFile; fileRef = 1F20F31B160521C700DC00D7 /* SilverBarDivider@2x.png */; };
		1F20F3201605235400DC00D7 /* TrackingOff.png in Resources */ = {isa = PBXBuildFile; fileRef = 1F20F31E1605235300DC00D7 /* TrackingOff.png */; };
		1F20F3211605235400DC00D7 /* TrackingOff@2x.png in Resources */ = {isa = PBXBuildFile; fileRef = 1F20F31F1605235400DC00D7 /* TrackingOff@2x.png */; };
		1F20F324160526B100DC00D7 /* Overview.png in Resources */ = {isa = PBXBuildFile; fileRef = 1F20F322160526B100DC00D7 /* Overview.png */; };
		1F20F325160526B100DC00D7 /* Overview@2x.png in Resources */ = {isa = PBXBuildFile; fileRef = 1F20F323160526B100DC00D7 /* Overview@2x.png */; };
		1F20F32A1605279400DC00D7 /* TrackingHeading.png in Resources */ = {isa = PBXBuildFile; fileRef = 1F20F3261605279300DC00D7 /* TrackingHeading.png */; };
		1F20F32B1605279400DC00D7 /* TrackingHeading@2x.png in Resources */ = {isa = PBXBuildFile; fileRef = 1F20F3271605279300DC00D7 /* TrackingHeading@2x.png */; };
		1F20F32C1605279400DC00D7 /* TrackingLocation.png in Resources */ = {isa = PBXBuildFile; fileRef = 1F20F3281605279400DC00D7 /* TrackingLocation.png */; };
		1F20F32D1605279400DC00D7 /* TrackingLocation@2x.png in Resources */ = {isa = PBXBuildFile; fileRef = 1F20F3291605279400DC00D7 /* TrackingLocation@2x.png */; };
		1F20F330160528A200DC00D7 /* SilverButtonPressed.png in Resources */ = {isa = PBXBuildFile; fileRef = 1F20F32E160528A200DC00D7 /* SilverButtonPressed.png */; };
		1F20F331160528A200DC00D7 /* SilverButtonPressed@2x.png in Resources */ = {isa = PBXBuildFile; fileRef = 1F20F32F160528A200DC00D7 /* SilverButtonPressed@2x.png */; };
		1F313E1215E8CCFA00EEF344 /* LocationInputBackground@2x.png in Resources */ = {isa = PBXBuildFile; fileRef = 1F313E1115E8CCFA00EEF344 /* LocationInputBackground@2x.png */; };
		1F313E2915E98EED00EEF344 /* LocationField.png in Resources */ = {isa = PBXBuildFile; fileRef = 1F313E2715E98EED00EEF344 /* LocationField.png */; };
		1F313E2A15E98EED00EEF344 /* LocationField@2x.png in Resources */ = {isa = PBXBuildFile; fileRef = 1F313E2815E98EED00EEF344 /* LocationField@2x.png */; };
		1F313E3715E9A98600EEF344 /* TagSelected.png in Resources */ = {isa = PBXBuildFile; fileRef = 1F313E3515E9A98600EEF344 /* TagSelected.png */; };
		1F313E3815E9A98600EEF344 /* TagSelected@2x.png in Resources */ = {isa = PBXBuildFile; fileRef = 1F313E3615E9A98600EEF344 /* TagSelected@2x.png */; };
		1F342CC615AE4DE800E2A6E8 /* TATransitOptionsViewController.m in Sources */ = {isa = PBXBuildFile; fileRef = 1F342CC515AE4DE800E2A6E8 /* TATransitOptionsViewController.m */; };
		1F34CAB715D70DAE00322C04 /* TACurrentStepAnnotation.m in Sources */ = {isa = PBXBuildFile; fileRef = 1F34CAB615D70DAE00322C04 /* TACurrentStepAnnotation.m */; };
		1F36463E15DB50A000E2B156 /* libRestKit.a in Frameworks */ = {isa = PBXBuildFile; fileRef = 1F36463315DB505A00E2B156 /* libRestKit.a */; };
		1F36465115DB671400E2B156 /* TACompletionsController.m in Sources */ = {isa = PBXBuildFile; fileRef = 1F36465015DB671400E2B156 /* TACompletionsController.m */; };
		1F36465415DB6B3B00E2B156 /* TACompletion.m in Sources */ = {isa = PBXBuildFile; fileRef = 1F36465315DB6B3B00E2B156 /* TACompletion.m */; };
		1F39061A15E1A6BA00D05A59 /* CLGeocoder+Transit.m in Sources */ = {isa = PBXBuildFile; fileRef = 1F39061915E1A6BA00D05A59 /* CLGeocoder+Transit.m */; };
		1F3935521602FEBD000443AF /* Default.png in Resources */ = {isa = PBXBuildFile; fileRef = 1F3935511602FEBD000443AF /* Default.png */; };
		1F43478B15E31AB70047F828 /* TACurrentLocationCompletionTableViewCell.xib in Resources */ = {isa = PBXBuildFile; fileRef = 1F43478A15E31AB70047F828 /* TACurrentLocationCompletionTableViewCell.xib */; };
		1F4347A415E31F280047F828 /* TAPlaceCompletionTableViewCell.xib in Resources */ = {isa = PBXBuildFile; fileRef = 1F4347A315E31F280047F828 /* TAPlaceCompletionTableViewCell.xib */; };
		1F4347A915E322640047F828 /* TAAttributionCompletionTableViewCell.xib in Resources */ = {isa = PBXBuildFile; fileRef = 1F4347A815E322640047F828 /* TAAttributionCompletionTableViewCell.xib */; };
		1F50B1F715CB51F7003AC67D /* TALocationManager.m in Sources */ = {isa = PBXBuildFile; fileRef = 1F50B1F615CB51F7003AC67D /* TALocationManager.m */; };
		1F56EB7F15DF2DCD009D25C9 /* TACurrentLocationCompletion.m in Sources */ = {isa = PBXBuildFile; fileRef = 1F56EB7E15DF2DCD009D25C9 /* TACurrentLocationCompletion.m */; };
		1F56EB8215DF55DB009D25C9 /* TAPlacemark.m in Sources */ = {isa = PBXBuildFile; fileRef = 1F56EB8115DF55DB009D25C9 /* TAPlacemark.m */; };
		1F592E111602F27C005A43B9 /* Default-568h@2x.png in Resources */ = {isa = PBXBuildFile; fileRef = 1F592E101602F27C005A43B9 /* Default-568h@2x.png */; };
		1F592E131602F38E005A43B9 /* Default@2x.png in Resources */ = {isa = PBXBuildFile; fileRef = 1F592E121602F38E005A43B9 /* Default@2x.png */; };
		1F59515D15AC0D98007A4554 /* UIKit.framework in Frameworks */ = {isa = PBXBuildFile; fileRef = 1F59515C15AC0D98007A4554 /* UIKit.framework */; };
		1F59515F15AC0D98007A4554 /* Foundation.framework in Frameworks */ = {isa = PBXBuildFile; fileRef = 1F59515E15AC0D98007A4554 /* Foundation.framework */; };
		1F59516115AC0D98007A4554 /* CoreGraphics.framework in Frameworks */ = {isa = PBXBuildFile; fileRef = 1F59516015AC0D98007A4554 /* CoreGraphics.framework */; };
		1F59516915AC0D98007A4554 /* main.m in Sources */ = {isa = PBXBuildFile; fileRef = 1F59516815AC0D98007A4554 /* main.m */; };
		1F59516D15AC0D98007A4554 /* TAAppDelegate.m in Sources */ = {isa = PBXBuildFile; fileRef = 1F59516C15AC0D98007A4554 /* TAAppDelegate.m */; };
		1F59517015AC0D98007A4554 /* TALocationInputViewController.m in Sources */ = {isa = PBXBuildFile; fileRef = 1F59516F15AC0D98007A4554 /* TALocationInputViewController.m */; };
		1F59517B15AC0D98007A4554 /* SenTestingKit.framework in Frameworks */ = {isa = PBXBuildFile; fileRef = 1F59517A15AC0D98007A4554 /* SenTestingKit.framework */; };
		1F59517C15AC0D98007A4554 /* UIKit.framework in Frameworks */ = {isa = PBXBuildFile; fileRef = 1F59515C15AC0D98007A4554 /* UIKit.framework */; };
		1F59517D15AC0D98007A4554 /* Foundation.framework in Frameworks */ = {isa = PBXBuildFile; fileRef = 1F59515E15AC0D98007A4554 /* Foundation.framework */; };
		1F59518515AC0D98007A4554 /* InfoPlist.strings in Resources */ = {isa = PBXBuildFile; fileRef = 1F59518315AC0D98007A4554 /* InfoPlist.strings */; };
		1F5F66AA15D0CF91002B84DE /* TATripPlanNavigator.m in Sources */ = {isa = PBXBuildFile; fileRef = 1F5F66A915D0CF91002B84DE /* TATripPlanNavigator.m */; };
		1F634AA315C1F6C600192802 /* libOTPClient.a in Frameworks */ = {isa = PBXBuildFile; fileRef = 1F634A9E15C1F4CC00192802 /* libOTPClient.a */; };
		1F77405715C6253100F3D527 /* MKMapView+Transit.m in Sources */ = {isa = PBXBuildFile; fileRef = 1F77405615C6253100F3D527 /* MKMapView+Transit.m */; };
		1F905EF015DDBCE60061BCE0 /* autocompleteResponse.json in Resources */ = {isa = PBXBuildFile; fileRef = 1F905EED15DDBCE60061BCE0 /* autocompleteResponse.json */; };
		1F905EF115DDBCE60061BCE0 /* detailsResponse.json in Resources */ = {isa = PBXBuildFile; fileRef = 1F905EEE15DDBCE60061BCE0 /* detailsResponse.json */; };
		1F905EF215DDBCE60061BCE0 /* tripPlanResponse.json in Resources */ = {isa = PBXBuildFile; fileRef = 1F905EEF15DDBCE60061BCE0 /* tripPlanResponse.json */; };
		1F9357C015C20F3F0045D6DF /* TALocationInputViewController.xib in Resources */ = {isa = PBXBuildFile; fileRef = 1F9357BF15C20F3F0045D6DF /* TALocationInputViewController.xib */; };
		1F9EA46715E0BFF300EAC57D /* UIColor+Transit.m in Sources */ = {isa = PBXBuildFile; fileRef = 1F9EA46615E0BFF300EAC57D /* UIColor+Transit.m */; };
		1FA09DDA15AFBFD100A767AA /* CoreLocation.framework in Frameworks */ = {isa = PBXBuildFile; fileRef = 1FA09DD915AFBFD100A767AA /* CoreLocation.framework */; };
		1FA819FA15E0791900189843 /* TALocationField.m in Sources */ = {isa = PBXBuildFile; fileRef = 1FA819F915E0791900189843 /* TALocationField.m */; };
		1FA9E93615E37A83005E681E /* TAWalkStepView.m in Sources */ = {isa = PBXBuildFile; fileRef = 1FA9E93515E37A83005E681E /* TAWalkStepView.m */; };
		1FA9E93915E37AA8005E681E /* TATransitStepView.m in Sources */ = {isa = PBXBuildFile; fileRef = 1FA9E93815E37AA8005E681E /* TATransitStepView.m */; };
		1FA9E93B15E37B0E005E681E /* TAWalkStepView.xib in Resources */ = {isa = PBXBuildFile; fileRef = 1FA9E93A15E37B0E005E681E /* TAWalkStepView.xib */; };
		1FA9E93D15E37B44005E681E /* TATransitStepView.xib in Resources */ = {isa = PBXBuildFile; fileRef = 1FA9E93C15E37B44005E681E /* TATransitStepView.xib */; };
		1FB0969A15E2F54F001F23BC /* TATripPlanCompletionTableViewCell.xib in Resources */ = {isa = PBXBuildFile; fileRef = 1FB0969915E2F54F001F23BC /* TATripPlanCompletionTableViewCell.xib */; };
		1FC5DA1215FEC78F00258B0F /* BlueButton.png in Resources */ = {isa = PBXBuildFile; fileRef = 1FC5DA0E15FEC78F00258B0F /* BlueButton.png */; };
		1FC5DA1315FEC78F00258B0F /* BlueButton@2x.png in Resources */ = {isa = PBXBuildFile; fileRef = 1FC5DA0F15FEC78F00258B0F /* BlueButton@2x.png */; };
		1FC5DA1415FEC78F00258B0F /* BlueButtonPressed.png in Resources */ = {isa = PBXBuildFile; fileRef = 1FC5DA1015FEC78F00258B0F /* BlueButtonPressed.png */; };
		1FC5DA1515FEC78F00258B0F /* BlueButtonPressed@2x.png in Resources */ = {isa = PBXBuildFile; fileRef = 1FC5DA1115FEC78F00258B0F /* BlueButtonPressed@2x.png */; };
		1FC5DA1C15FEDD5400258B0F /* BarShadow.png in Resources */ = {isa = PBXBuildFile; fileRef = 1FC5DA1A15FEDD5400258B0F /* BarShadow.png */; };
		1FC5DA1D15FEDD5400258B0F /* BarShadow@2x.png in Resources */ = {isa = PBXBuildFile; fileRef = 1FC5DA1B15FEDD5400258B0F /* BarShadow@2x.png */; };
		1FCCF78515D1FF6A00AD2A4C /* TATripPlanNavigatorTest.m in Sources */ = {isa = PBXBuildFile; fileRef = 1FCCF78415D1FF6A00AD2A4C /* TATripPlanNavigatorTest.m */; };
		1FCCF78815D2023A00AD2A4C /* libOTPClient.a in Frameworks */ = {isa = PBXBuildFile; fileRef = 1F634A9E15C1F4CC00192802 /* libOTPClient.a */; };
		1FCCF78915D2024100AD2A4C /* libxml2.2.dylib in Frameworks */ = {isa = PBXBuildFile; fileRef = 1FD199CA15BBB14900BA8D48 /* libxml2.2.dylib */; };
		1FCCF78A15D2024800AD2A4C /* QuartzCore.framework in Frameworks */ = {isa = PBXBuildFile; fileRef = 1FD199C815BBB12B00BA8D48 /* QuartzCore.framework */; };
		1FCCF78B15D2024E00AD2A4C /* SystemConfiguration.framework in Frameworks */ = {isa = PBXBuildFile; fileRef = 1FD199C615BBB12200BA8D48 /* SystemConfiguration.framework */; };
		1FCCF78C15D2025400AD2A4C /* Security.framework in Frameworks */ = {isa = PBXBuildFile; fileRef = 1FD199C415BBB11B00BA8D48 /* Security.framework */; };
		1FCCF78D15D2025B00AD2A4C /* MobileCoreServices.framework in Frameworks */ = {isa = PBXBuildFile; fileRef = 1FD199C215BBB11000BA8D48 /* MobileCoreServices.framework */; };
		1FCCF78E15D2026300AD2A4C /* CoreData.framework in Frameworks */ = {isa = PBXBuildFile; fileRef = 1FD199C015BBB10800BA8D48 /* CoreData.framework */; };
		1FCCF78F15D2026900AD2A4C /* CFNetwork.framework in Frameworks */ = {isa = PBXBuildFile; fileRef = 1FD199BE15BBB10100BA8D48 /* CFNetwork.framework */; };
		1FCCF79015D2027100AD2A4C /* CoreLocation.framework in Frameworks */ = {isa = PBXBuildFile; fileRef = 1FA09DD915AFBFD100A767AA /* CoreLocation.framework */; };
		1FCCF79115D2027700AD2A4C /* MapKit.framework in Frameworks */ = {isa = PBXBuildFile; fileRef = 1FFD6C0E15AD1DA500A4C388 /* MapKit.framework */; };
		1FCCF79215D2028B00AD2A4C /* CoreGraphics.framework in Frameworks */ = {isa = PBXBuildFile; fileRef = 1F59516015AC0D98007A4554 /* CoreGraphics.framework */; };
		1FCCF79515D20CFA00AD2A4C /* TAStep.m in Sources */ = {isa = PBXBuildFile; fileRef = 1FCCF79415D20CFA00AD2A4C /* TAStep.m */; };
		1FCCF79815D23C8C00AD2A4C /* TAStepAnnotation.m in Sources */ = {isa = PBXBuildFile; fileRef = 1FCCF79715D23C8B00AD2A4C /* TAStepAnnotation.m */; };
		1FD199BF15BBB10100BA8D48 /* CFNetwork.framework in Frameworks */ = {isa = PBXBuildFile; fileRef = 1FD199BE15BBB10100BA8D48 /* CFNetwork.framework */; };
		1FD199C115BBB10800BA8D48 /* CoreData.framework in Frameworks */ = {isa = PBXBuildFile; fileRef = 1FD199C015BBB10800BA8D48 /* CoreData.framework */; };
		1FD199C315BBB11000BA8D48 /* MobileCoreServices.framework in Frameworks */ = {isa = PBXBuildFile; fileRef = 1FD199C215BBB11000BA8D48 /* MobileCoreServices.framework */; };
		1FD199C515BBB11B00BA8D48 /* Security.framework in Frameworks */ = {isa = PBXBuildFile; fileRef = 1FD199C415BBB11B00BA8D48 /* Security.framework */; };
		1FD199C715BBB12300BA8D48 /* SystemConfiguration.framework in Frameworks */ = {isa = PBXBuildFile; fileRef = 1FD199C615BBB12200BA8D48 /* SystemConfiguration.framework */; };
		1FD199C915BBB12B00BA8D48 /* QuartzCore.framework in Frameworks */ = {isa = PBXBuildFile; fileRef = 1FD199C815BBB12B00BA8D48 /* QuartzCore.framework */; };
		1FD199CB15BBB14900BA8D48 /* libxml2.2.dylib in Frameworks */ = {isa = PBXBuildFile; fileRef = 1FD199CA15BBB14900BA8D48 /* libxml2.2.dylib */; };
		1FF9F63015CCBA9C00AEBA28 /* TAStepScrollView.m in Sources */ = {isa = PBXBuildFile; fileRef = 1FF9F62F15CCBA9C00AEBA28 /* TAStepScrollView.m */; };
		1FF9F63315CCE0C500AEBA28 /* TAStepView.m in Sources */ = {isa = PBXBuildFile; fileRef = 1FF9F63215CCE0C500AEBA28 /* TAStepView.m */; };
		1FFD6C0C15AD1D6200A4C388 /* TADirectionsViewController.m in Sources */ = {isa = PBXBuildFile; fileRef = 1FFD6C0A15AD1D6200A4C388 /* TADirectionsViewController.m */; };
		1FFD6C0F15AD1DA500A4C388 /* MapKit.framework in Frameworks */ = {isa = PBXBuildFile; fileRef = 1FFD6C0E15AD1DA500A4C388 /* MapKit.framework */; };
		1FFD80D515DE1A2500CD5423 /* PoweredByGoogle.png in Resources */ = {isa = PBXBuildFile; fileRef = 1FFD80D315DE1A2500CD5423 /* PoweredByGoogle.png */; };
		1FFD80D615DE1A2500CD5423 /* PoweredByGoogle@2x.png in Resources */ = {isa = PBXBuildFile; fileRef = 1FFD80D415DE1A2500CD5423 /* PoweredByGoogle@2x.png */; };
		1FFD80DB15DE34EB00CD5423 /* TAPlaceCompletion.m in Sources */ = {isa = PBXBuildFile; fileRef = 1FFD80DA15DE34EB00CD5423 /* TAPlaceCompletion.m */; };
		1FFD80DE15DE352F00CD5423 /* TATripPlanCompletion.m in Sources */ = {isa = PBXBuildFile; fileRef = 1FFD80DD15DE352F00CD5423 /* TATripPlanCompletion.m */; };
		1FFD80E215DF138700CD5423 /* TAAttributionCompletion.m in Sources */ = {isa = PBXBuildFile; fileRef = 1FFD80E115DF138700CD5423 /* TAAttributionCompletion.m */; };
/* End PBXBuildFile section */

/* Begin PBXContainerItemProxy section */
		1F06D20115DB443100F91575 /* PBXContainerItemProxy */ = {
			isa = PBXContainerItemProxy;
			containerPortal = 1F06D1F815DB443100F91575 /* PlacesClient.xcodeproj */;
			proxyType = 2;
			remoteGlobalIDString = 1FFC610B15DA0D8700830612;
			remoteInfo = PlacesClient;
		};
		1F06D20315DB443100F91575 /* PBXContainerItemProxy */ = {
			isa = PBXContainerItemProxy;
			containerPortal = 1F06D1F815DB443100F91575 /* PlacesClient.xcodeproj */;
			proxyType = 2;
			remoteGlobalIDString = 1FFC611C15DA0D8700830612;
			remoteInfo = PlacesClientTests;
		};
		1F06D20515DB445900F91575 /* PBXContainerItemProxy */ = {
			isa = PBXContainerItemProxy;
			containerPortal = 1F06D1F815DB443100F91575 /* PlacesClient.xcodeproj */;
			proxyType = 1;
			remoteGlobalIDString = 1FFC610A15DA0D8700830612;
			remoteInfo = PlacesClient;
		};
		1F36463215DB505A00E2B156 /* PBXContainerItemProxy */ = {
			isa = PBXContainerItemProxy;
			containerPortal = 1F36462715DB505900E2B156 /* RestKit.xcodeproj */;
			proxyType = 2;
			remoteGlobalIDString = 25160D1614564E810060A5C5;
			remoteInfo = RestKit;
		};
		1F36463415DB505A00E2B156 /* PBXContainerItemProxy */ = {
			isa = PBXContainerItemProxy;
			containerPortal = 1F36462715DB505900E2B156 /* RestKit.xcodeproj */;
			proxyType = 2;
			remoteGlobalIDString = 25160D2614564E820060A5C5;
			remoteInfo = RestKitTests;
		};
		1F36463615DB505A00E2B156 /* PBXContainerItemProxy */ = {
			isa = PBXContainerItemProxy;
			containerPortal = 1F36462715DB505900E2B156 /* RestKit.xcodeproj */;
			proxyType = 2;
			remoteGlobalIDString = 25160E62145651060060A5C5;
			remoteInfo = RestKitFramework;
		};
		1F36463815DB505A00E2B156 /* PBXContainerItemProxy */ = {
			isa = PBXContainerItemProxy;
			containerPortal = 1F36462715DB505900E2B156 /* RestKit.xcodeproj */;
			proxyType = 2;
			remoteGlobalIDString = 25160E78145651060060A5C5;
			remoteInfo = RestKitFrameworkTests;
		};
		1F36463A15DB505A00E2B156 /* PBXContainerItemProxy */ = {
			isa = PBXContainerItemProxy;
			containerPortal = 1F36462715DB505900E2B156 /* RestKit.xcodeproj */;
			proxyType = 2;
			remoteGlobalIDString = 259C301615128079003066A2;
			remoteInfo = RestKitResources;
		};
		1F36463C15DB508500E2B156 /* PBXContainerItemProxy */ = {
			isa = PBXContainerItemProxy;
			containerPortal = 1F36462715DB505900E2B156 /* RestKit.xcodeproj */;
			proxyType = 1;
			remoteGlobalIDString = 25160D1514564E810060A5C5;
			remoteInfo = RestKit;
		};
		1F59517E15AC0D98007A4554 /* PBXContainerItemProxy */ = {
			isa = PBXContainerItemProxy;
			containerPortal = 1F59514F15AC0D98007A4554 /* Project object */;
			proxyType = 1;
			remoteGlobalIDString = 1F59515715AC0D98007A4554;
			remoteInfo = Transit;
		};
		1F634A9D15C1F4CC00192802 /* PBXContainerItemProxy */ = {
			isa = PBXContainerItemProxy;
			containerPortal = 1F634A9415C1F4CC00192802 /* OTPClient.xcodeproj */;
			proxyType = 2;
			remoteGlobalIDString = 1F2F404015BCE06500121A2F;
			remoteInfo = OTPClient;
		};
		1F634A9F15C1F4CC00192802 /* PBXContainerItemProxy */ = {
			isa = PBXContainerItemProxy;
			containerPortal = 1F634A9415C1F4CC00192802 /* OTPClient.xcodeproj */;
			proxyType = 2;
			remoteGlobalIDString = 1F2F405115BCE06600121A2F;
			remoteInfo = OTPClientTests;
		};
		1F634AA115C1F69A00192802 /* PBXContainerItemProxy */ = {
			isa = PBXContainerItemProxy;
			containerPortal = 1F634A9415C1F4CC00192802 /* OTPClient.xcodeproj */;
			proxyType = 1;
			remoteGlobalIDString = 1F2F403F15BCE06500121A2F;
			remoteInfo = OTPClient;
		};
/* End PBXContainerItemProxy section */

/* Begin PBXFileReference section */
		1F06D1F815DB443100F91575 /* PlacesClient.xcodeproj */ = {isa = PBXFileReference; lastKnownFileType = "wrapper.pb-project"; name = PlacesClient.xcodeproj; path = "Libraries/google-places-api-client/PlacesClient.xcodeproj"; sourceTree = "<group>"; };
		1F08CB0815E480D100E3063E /* TAWalkStep.h */ = {isa = PBXFileReference; fileEncoding = 4; lastKnownFileType = sourcecode.c.h; name = TAWalkStep.h; path = Models/Steps/TAWalkStep.h; sourceTree = "<group>"; };
		1F08CB0915E480D100E3063E /* TAWalkStep.m */ = {isa = PBXFileReference; fileEncoding = 4; lastKnownFileType = sourcecode.c.objc; name = TAWalkStep.m; path = Models/Steps/TAWalkStep.m; sourceTree = "<group>"; };
		1F08CB0B15E480F100E3063E /* TATransitStep.h */ = {isa = PBXFileReference; fileEncoding = 4; lastKnownFileType = sourcecode.c.h; name = TATransitStep.h; path = Models/Steps/TATransitStep.h; sourceTree = "<group>"; };
		1F08CB0C15E480F100E3063E /* TATransitStep.m */ = {isa = PBXFileReference; fileEncoding = 4; lastKnownFileType = sourcecode.c.objc; name = TATransitStep.m; path = Models/Steps/TATransitStep.m; sourceTree = "<group>"; };
		1F08CB2515E4E36600E3063E /* LocationInputBackground.png */ = {isa = PBXFileReference; lastKnownFileType = image.png; name = LocationInputBackground.png; path = Transit/Resources/Images/LocationInputBackground.png; sourceTree = "<group>"; };
		1F0A4D2A15E9CAA30040B2CB /* Swap.png */ = {isa = PBXFileReference; lastKnownFileType = image.png; name = Swap.png; path = Transit/Resources/Images/Buttons/Swap.png; sourceTree = "<group>"; };
		1F0A4D2B15E9CAA30040B2CB /* Swap@2x.png */ = {isa = PBXFileReference; lastKnownFileType = image.png; name = "Swap@2x.png"; path = "Transit/Resources/Images/Buttons/Swap@2x.png"; sourceTree = "<group>"; };
		1F12167A15C207AE007B75A5 /* MACLog.h */ = {isa = PBXFileReference; fileEncoding = 4; lastKnownFileType = sourcecode.c.h; name = MACLog.h; path = SupportingFiles/MACLog.h; sourceTree = "<group>"; };
		1F1A9EBC1603157A00D74BF2 /* List.png */ = {isa = PBXFileReference; lastKnownFileType = image.png; name = List.png; path = Transit/Resources/Images/Buttons/List.png; sourceTree = "<group>"; };
		1F1A9EBD1603157A00D74BF2 /* List@2x.png */ = {isa = PBXFileReference; lastKnownFileType = image.png; name = "List@2x.png"; path = "Transit/Resources/Images/Buttons/List@2x.png"; sourceTree = "<group>"; };
		1F20F3011604462600DC00D7 /* CurrentStepAnnotation.png */ = {isa = PBXFileReference; lastKnownFileType = image.png; name = CurrentStepAnnotation.png; path = Transit/Resources/Images/CurrentStepAnnotation.png; sourceTree = "<group>"; };
		1F20F3021604462600DC00D7 /* CurrentStepAnnotation@2x.png */ = {isa = PBXFileReference; lastKnownFileType = image.png; name = "CurrentStepAnnotation@2x.png"; path = "Transit/Resources/Images/CurrentStepAnnotation@2x.png"; sourceTree = "<group>"; };
		1F20F30616044D4A00DC00D7 /* CalloutLeft.png */ = {isa = PBXFileReference; lastKnownFileType = image.png; name = CalloutLeft.png; path = Transit/Resources/Images/Callouts/CalloutLeft.png; sourceTree = "<group>"; };
		1F20F30716044D4A00DC00D7 /* CalloutLeft@2x.png */ = {isa = PBXFileReference; lastKnownFileType = image.png; name = "CalloutLeft@2x.png"; path = "Transit/Resources/Images/Callouts/CalloutLeft@2x.png"; sourceTree = "<group>"; };
		1F20F30816044D4A00DC00D7 /* CalloutRight.png */ = {isa = PBXFileReference; lastKnownFileType = image.png; name = CalloutRight.png; path = Transit/Resources/Images/Callouts/CalloutRight.png; sourceTree = "<group>"; };
		1F20F30916044D4A00DC00D7 /* CalloutRight@2x.png */ = {isa = PBXFileReference; lastKnownFileType = image.png; name = "CalloutRight@2x.png"; path = "Transit/Resources/Images/Callouts/CalloutRight@2x.png"; sourceTree = "<group>"; };
		1F20F30E160458FF00DC00D7 /* Map@2x.png */ = {isa = PBXFileReference; lastKnownFileType = image.png; name = "Map@2x.png"; path = "Transit/Resources/Images/Buttons/Map@2x.png"; sourceTree = "<group>"; };
		1F20F3101604617D00DC00D7 /* Options@2x.png */ = {isa = PBXFileReference; lastKnownFileType = image.png; name = "Options@2x.png"; path = "Transit/Resources/Images/Buttons/Options@2x.png"; sourceTree = "<group>"; };
		1F20F312160471EB00DC00D7 /* Options.png */ = {isa = PBXFileReference; lastKnownFileType = image.png; name = Options.png; path = Transit/Resources/Images/Buttons/Options.png; sourceTree = "<group>"; };
		1F20F31416051F2300DC00D7 /* Map.png */ = {isa = PBXFileReference; lastKnownFileType = image.png; name = Map.png; path = Transit/Resources/Images/Buttons/Map.png; sourceTree = "<group>"; };
		1F20F31516051F2300DC00D7 /* SilverButton.png */ = {isa = PBXFileReference; lastKnownFileType = image.png; name = SilverButton.png; path = Transit/Resources/Images/Buttons/SilverButton.png; sourceTree = "<group>"; };
		1F20F31616051F2300DC00D7 /* SilverButton@2x.png */ = {isa = PBXFileReference; lastKnownFileType = image.png; name = "SilverButton@2x.png"; path = "Transit/Resources/Images/Buttons/SilverButton@2x.png"; sourceTree = "<group>"; };
		1F20F31A160521C700DC00D7 /* SilverBarDivider.png */ = {isa = PBXFileReference; lastKnownFileType = image.png; name = SilverBarDivider.png; path = Transit/Resources/Images/Buttons/SilverBarDivider.png; sourceTree = "<group>"; };
		1F20F31B160521C700DC00D7 /* SilverBarDivider@2x.png */ = {isa = PBXFileReference; lastKnownFileType = image.png; name = "SilverBarDivider@2x.png"; path = "Transit/Resources/Images/Buttons/SilverBarDivider@2x.png"; sourceTree = "<group>"; };
		1F20F31E1605235300DC00D7 /* TrackingOff.png */ = {isa = PBXFileReference; lastKnownFileType = image.png; name = TrackingOff.png; path = Transit/Resources/Images/Buttons/TrackingOff.png; sourceTree = "<group>"; };
		1F20F31F1605235400DC00D7 /* TrackingOff@2x.png */ = {isa = PBXFileReference; lastKnownFileType = image.png; name = "TrackingOff@2x.png"; path = "Transit/Resources/Images/Buttons/TrackingOff@2x.png"; sourceTree = "<group>"; };
		1F20F322160526B100DC00D7 /* Overview.png */ = {isa = PBXFileReference; lastKnownFileType = image.png; name = Overview.png; path = Transit/Resources/Images/Buttons/Overview.png; sourceTree = "<group>"; };
		1F20F323160526B100DC00D7 /* Overview@2x.png */ = {isa = PBXFileReference; lastKnownFileType = image.png; name = "Overview@2x.png"; path = "Transit/Resources/Images/Buttons/Overview@2x.png"; sourceTree = "<group>"; };
		1F20F3261605279300DC00D7 /* TrackingHeading.png */ = {isa = PBXFileReference; lastKnownFileType = image.png; name = TrackingHeading.png; path = Transit/Resources/Images/Buttons/TrackingHeading.png; sourceTree = "<group>"; };
		1F20F3271605279300DC00D7 /* TrackingHeading@2x.png */ = {isa = PBXFileReference; lastKnownFileType = image.png; name = "TrackingHeading@2x.png"; path = "Transit/Resources/Images/Buttons/TrackingHeading@2x.png"; sourceTree = "<group>"; };
		1F20F3281605279400DC00D7 /* TrackingLocation.png */ = {isa = PBXFileReference; lastKnownFileType = image.png; name = TrackingLocation.png; path = Transit/Resources/Images/Buttons/TrackingLocation.png; sourceTree = "<group>"; };
		1F20F3291605279400DC00D7 /* TrackingLocation@2x.png */ = {isa = PBXFileReference; lastKnownFileType = image.png; name = "TrackingLocation@2x.png"; path = "Transit/Resources/Images/Buttons/TrackingLocation@2x.png"; sourceTree = "<group>"; };
		1F20F32E160528A200DC00D7 /* SilverButtonPressed.png */ = {isa = PBXFileReference; lastKnownFileType = image.png; name = SilverButtonPressed.png; path = Transit/Resources/Images/Buttons/SilverButtonPressed.png; sourceTree = "<group>"; };
		1F20F32F160528A200DC00D7 /* SilverButtonPressed@2x.png */ = {isa = PBXFileReference; lastKnownFileType = image.png; name = "SilverButtonPressed@2x.png"; path = "Transit/Resources/Images/Buttons/SilverButtonPressed@2x.png"; sourceTree = "<group>"; };
		1F313E1115E8CCFA00EEF344 /* LocationInputBackground@2x.png */ = {isa = PBXFileReference; lastKnownFileType = image.png; name = "LocationInputBackground@2x.png"; path = "Transit/Resources/Images/LocationInputBackground@2x.png"; sourceTree = "<group>"; };
		1F313E2715E98EED00EEF344 /* LocationField.png */ = {isa = PBXFileReference; lastKnownFileType = image.png; name = LocationField.png; path = Transit/Resources/Images/Fields/LocationField.png; sourceTree = "<group>"; };
		1F313E2815E98EED00EEF344 /* LocationField@2x.png */ = {isa = PBXFileReference; lastKnownFileType = image.png; name = "LocationField@2x.png"; path = "Transit/Resources/Images/Fields/LocationField@2x.png"; sourceTree = "<group>"; };
		1F313E3515E9A98600EEF344 /* TagSelected.png */ = {isa = PBXFileReference; lastKnownFileType = image.png; name = TagSelected.png; path = Transit/Resources/Images/Fields/TagSelected.png; sourceTree = "<group>"; };
		1F313E3615E9A98600EEF344 /* TagSelected@2x.png */ = {isa = PBXFileReference; lastKnownFileType = image.png; name = "TagSelected@2x.png"; path = "Transit/Resources/Images/Fields/TagSelected@2x.png"; sourceTree = "<group>"; };
		1F342CC415AE4DE800E2A6E8 /* TATransitOptionsViewController.h */ = {isa = PBXFileReference; fileEncoding = 4; lastKnownFileType = sourcecode.c.h; name = TATransitOptionsViewController.h; path = Controllers/TATransitOptionsViewController.h; sourceTree = "<group>"; };
		1F342CC515AE4DE800E2A6E8 /* TATransitOptionsViewController.m */ = {isa = PBXFileReference; fileEncoding = 4; lastKnownFileType = sourcecode.c.objc; name = TATransitOptionsViewController.m; path = Controllers/TATransitOptionsViewController.m; sourceTree = "<group>"; };
		1F34CAB515D70DAE00322C04 /* TACurrentStepAnnotation.h */ = {isa = PBXFileReference; fileEncoding = 4; lastKnownFileType = sourcecode.c.h; name = TACurrentStepAnnotation.h; path = Models/Annotations/TACurrentStepAnnotation.h; sourceTree = "<group>"; };
		1F34CAB615D70DAE00322C04 /* TACurrentStepAnnotation.m */ = {isa = PBXFileReference; fileEncoding = 4; lastKnownFileType = sourcecode.c.objc; name = TACurrentStepAnnotation.m; path = Models/Annotations/TACurrentStepAnnotation.m; sourceTree = "<group>"; };
		1F36462715DB505900E2B156 /* RestKit.xcodeproj */ = {isa = PBXFileReference; lastKnownFileType = "wrapper.pb-project"; name = RestKit.xcodeproj; path = Libraries/RestKit/RestKit.xcodeproj; sourceTree = "<group>"; };
		1F36464F15DB671400E2B156 /* TACompletionsController.h */ = {isa = PBXFileReference; fileEncoding = 4; lastKnownFileType = sourcecode.c.h; name = TACompletionsController.h; path = Stores/TACompletionsController.h; sourceTree = "<group>"; };
		1F36465015DB671400E2B156 /* TACompletionsController.m */ = {isa = PBXFileReference; fileEncoding = 4; lastKnownFileType = sourcecode.c.objc; name = TACompletionsController.m; path = Stores/TACompletionsController.m; sourceTree = "<group>"; };
		1F36465215DB6B3B00E2B156 /* TACompletion.h */ = {isa = PBXFileReference; fileEncoding = 4; lastKnownFileType = sourcecode.c.h; name = TACompletion.h; path = Models/Completions/TACompletion.h; sourceTree = "<group>"; };
		1F36465315DB6B3B00E2B156 /* TACompletion.m */ = {isa = PBXFileReference; fileEncoding = 4; lastKnownFileType = sourcecode.c.objc; name = TACompletion.m; path = Models/Completions/TACompletion.m; sourceTree = "<group>"; };
		1F39061815E1A6BA00D05A59 /* CLGeocoder+Transit.h */ = {isa = PBXFileReference; fileEncoding = 4; lastKnownFileType = sourcecode.c.h; name = "CLGeocoder+Transit.h"; path = "Stores/CLGeocoder+Transit.h"; sourceTree = "<group>"; };
		1F39061915E1A6BA00D05A59 /* CLGeocoder+Transit.m */ = {isa = PBXFileReference; fileEncoding = 4; lastKnownFileType = sourcecode.c.objc; name = "CLGeocoder+Transit.m"; path = "Stores/CLGeocoder+Transit.m"; sourceTree = "<group>"; };
		1F3935511602FEBD000443AF /* Default.png */ = {isa = PBXFileReference; lastKnownFileType = image.png; name = Default.png; path = Transit/Resources/Images/Launch/Default.png; sourceTree = "<group>"; };
		1F43478A15E31AB70047F828 /* TACurrentLocationCompletionTableViewCell.xib */ = {isa = PBXFileReference; fileEncoding = 4; lastKnownFileType = file.xib; name = TACurrentLocationCompletionTableViewCell.xib; path = Transit/Resources/Views/CompletionViewCells/TACurrentLocationCompletionTableViewCell.xib; sourceTree = "<group>"; };
		1F4347A315E31F280047F828 /* TAPlaceCompletionTableViewCell.xib */ = {isa = PBXFileReference; fileEncoding = 4; lastKnownFileType = file.xib; name = TAPlaceCompletionTableViewCell.xib; path = Transit/Resources/Views/CompletionViewCells/TAPlaceCompletionTableViewCell.xib; sourceTree = "<group>"; };
		1F4347A815E322640047F828 /* TAAttributionCompletionTableViewCell.xib */ = {isa = PBXFileReference; fileEncoding = 4; lastKnownFileType = file.xib; name = TAAttributionCompletionTableViewCell.xib; path = Transit/Resources/Views/CompletionViewCells/TAAttributionCompletionTableViewCell.xib; sourceTree = "<group>"; };
		1F50B1F515CB51F7003AC67D /* TALocationManager.h */ = {isa = PBXFileReference; fileEncoding = 4; lastKnownFileType = sourcecode.c.h; name = TALocationManager.h; path = Stores/TALocationManager.h; sourceTree = "<group>"; };
		1F50B1F615CB51F7003AC67D /* TALocationManager.m */ = {isa = PBXFileReference; fileEncoding = 4; lastKnownFileType = sourcecode.c.objc; name = TALocationManager.m; path = Stores/TALocationManager.m; sourceTree = "<group>"; };
		1F56EB7D15DF2DCD009D25C9 /* TACurrentLocationCompletion.h */ = {isa = PBXFileReference; fileEncoding = 4; lastKnownFileType = sourcecode.c.h; name = TACurrentLocationCompletion.h; path = Models/Completions/TACurrentLocationCompletion.h; sourceTree = "<group>"; };
		1F56EB7E15DF2DCD009D25C9 /* TACurrentLocationCompletion.m */ = {isa = PBXFileReference; fileEncoding = 4; lastKnownFileType = sourcecode.c.objc; name = TACurrentLocationCompletion.m; path = Models/Completions/TACurrentLocationCompletion.m; sourceTree = "<group>"; };
		1F56EB8015DF55DA009D25C9 /* TAPlacemark.h */ = {isa = PBXFileReference; fileEncoding = 4; lastKnownFileType = sourcecode.c.h; name = TAPlacemark.h; path = Models/TAPlacemark.h; sourceTree = "<group>"; };
		1F56EB8115DF55DB009D25C9 /* TAPlacemark.m */ = {isa = PBXFileReference; fileEncoding = 4; lastKnownFileType = sourcecode.c.objc; name = TAPlacemark.m; path = Models/TAPlacemark.m; sourceTree = "<group>"; };
		1F592E101602F27C005A43B9 /* Default-568h@2x.png */ = {isa = PBXFileReference; lastKnownFileType = image.png; name = "Default-568h@2x.png"; path = "Transit/Resources/Images/Launch/Default-568h@2x.png"; sourceTree = "<group>"; };
		1F592E121602F38E005A43B9 /* Default@2x.png */ = {isa = PBXFileReference; lastKnownFileType = image.png; name = "Default@2x.png"; path = "Transit/Resources/Images/Launch/Default@2x.png"; sourceTree = "<group>"; };
		1F59515815AC0D98007A4554 /* Transit.app */ = {isa = PBXFileReference; explicitFileType = wrapper.application; includeInIndex = 0; path = Transit.app; sourceTree = BUILT_PRODUCTS_DIR; };
		1F59515C15AC0D98007A4554 /* UIKit.framework */ = {isa = PBXFileReference; lastKnownFileType = wrapper.framework; name = UIKit.framework; path = System/Library/Frameworks/UIKit.framework; sourceTree = SDKROOT; };
		1F59515E15AC0D98007A4554 /* Foundation.framework */ = {isa = PBXFileReference; lastKnownFileType = wrapper.framework; name = Foundation.framework; path = System/Library/Frameworks/Foundation.framework; sourceTree = SDKROOT; };
		1F59516015AC0D98007A4554 /* CoreGraphics.framework */ = {isa = PBXFileReference; lastKnownFileType = wrapper.framework; name = CoreGraphics.framework; path = System/Library/Frameworks/CoreGraphics.framework; sourceTree = SDKROOT; };
		1F59516415AC0D98007A4554 /* Transit-Info.plist */ = {isa = PBXFileReference; lastKnownFileType = text.plist.xml; name = "Transit-Info.plist"; path = "SupportingFiles/Transit-Info.plist"; sourceTree = "<group>"; };
		1F59516815AC0D98007A4554 /* main.m */ = {isa = PBXFileReference; lastKnownFileType = sourcecode.c.objc; name = main.m; path = SupportingFiles/main.m; sourceTree = "<group>"; };
		1F59516A15AC0D98007A4554 /* Transit-Prefix.pch */ = {isa = PBXFileReference; lastKnownFileType = sourcecode.c.h; name = "Transit-Prefix.pch"; path = "SupportingFiles/Transit-Prefix.pch"; sourceTree = "<group>"; };
		1F59516B15AC0D98007A4554 /* TAAppDelegate.h */ = {isa = PBXFileReference; lastKnownFileType = sourcecode.c.h; path = TAAppDelegate.h; sourceTree = "<group>"; };
		1F59516C15AC0D98007A4554 /* TAAppDelegate.m */ = {isa = PBXFileReference; lastKnownFileType = sourcecode.c.objc; path = TAAppDelegate.m; sourceTree = "<group>"; };
		1F59516E15AC0D98007A4554 /* TALocationInputViewController.h */ = {isa = PBXFileReference; lastKnownFileType = sourcecode.c.h; name = TALocationInputViewController.h; path = Controllers/TALocationInputViewController.h; sourceTree = "<group>"; };
		1F59516F15AC0D98007A4554 /* TALocationInputViewController.m */ = {isa = PBXFileReference; lastKnownFileType = sourcecode.c.objc; name = TALocationInputViewController.m; path = Controllers/TALocationInputViewController.m; sourceTree = "<group>"; };
		1F59517915AC0D98007A4554 /* TransitTests.octest */ = {isa = PBXFileReference; explicitFileType = wrapper.cfbundle; includeInIndex = 0; path = TransitTests.octest; sourceTree = BUILT_PRODUCTS_DIR; };
		1F59517A15AC0D98007A4554 /* SenTestingKit.framework */ = {isa = PBXFileReference; lastKnownFileType = wrapper.framework; name = SenTestingKit.framework; path = Library/Frameworks/SenTestingKit.framework; sourceTree = DEVELOPER_DIR; };
		1F59518215AC0D98007A4554 /* TransitTests-Info.plist */ = {isa = PBXFileReference; lastKnownFileType = text.plist.xml; path = "TransitTests-Info.plist"; sourceTree = "<group>"; };
		1F59518415AC0D98007A4554 /* en */ = {isa = PBXFileReference; lastKnownFileType = text.plist.strings; name = en; path = en.lproj/InfoPlist.strings; sourceTree = "<group>"; };
		1F5F66A815D0CF91002B84DE /* TATripPlanNavigator.h */ = {isa = PBXFileReference; fileEncoding = 4; lastKnownFileType = sourcecode.c.h; name = TATripPlanNavigator.h; path = Models/TATripPlanNavigator.h; sourceTree = "<group>"; };
		1F5F66A915D0CF91002B84DE /* TATripPlanNavigator.m */ = {isa = PBXFileReference; fileEncoding = 4; lastKnownFileType = sourcecode.c.objc; name = TATripPlanNavigator.m; path = Models/TATripPlanNavigator.m; sourceTree = "<group>"; };
		1F634A9415C1F4CC00192802 /* OTPClient.xcodeproj */ = {isa = PBXFileReference; lastKnownFileType = "wrapper.pb-project"; name = OTPClient.xcodeproj; path = "Libraries/opentripplanner-api-client/OTPClient.xcodeproj"; sourceTree = "<group>"; };
		1F77405515C6253100F3D527 /* MKMapView+Transit.h */ = {isa = PBXFileReference; fileEncoding = 4; lastKnownFileType = sourcecode.c.h; name = "MKMapView+Transit.h"; path = "Views/MKMapView+Transit.h"; sourceTree = "<group>"; };
		1F77405615C6253100F3D527 /* MKMapView+Transit.m */ = {isa = PBXFileReference; fileEncoding = 4; lastKnownFileType = sourcecode.c.objc; name = "MKMapView+Transit.m"; path = "Views/MKMapView+Transit.m"; sourceTree = "<group>"; };
		1F905EED15DDBCE60061BCE0 /* autocompleteResponse.json */ = {isa = PBXFileReference; fileEncoding = 4; lastKnownFileType = text.json; name = autocompleteResponse.json; path = Fixtures/autocompleteResponse.json; sourceTree = "<group>"; };
		1F905EEE15DDBCE60061BCE0 /* detailsResponse.json */ = {isa = PBXFileReference; fileEncoding = 4; lastKnownFileType = text.json; name = detailsResponse.json; path = Fixtures/detailsResponse.json; sourceTree = "<group>"; };
		1F905EEF15DDBCE60061BCE0 /* tripPlanResponse.json */ = {isa = PBXFileReference; fileEncoding = 4; lastKnownFileType = text.json; name = tripPlanResponse.json; path = Fixtures/tripPlanResponse.json; sourceTree = "<group>"; };
		1F9357BF15C20F3F0045D6DF /* TALocationInputViewController.xib */ = {isa = PBXFileReference; fileEncoding = 4; lastKnownFileType = file.xib; name = TALocationInputViewController.xib; path = Transit/Resources/Views/TALocationInputViewController.xib; sourceTree = "<group>"; };
		1F9EA46515E0BFF300EAC57D /* UIColor+Transit.h */ = {isa = PBXFileReference; fileEncoding = 4; lastKnownFileType = sourcecode.c.h; name = "UIColor+Transit.h"; path = "Models/UIColor+Transit.h"; sourceTree = "<group>"; };
		1F9EA46615E0BFF300EAC57D /* UIColor+Transit.m */ = {isa = PBXFileReference; fileEncoding = 4; lastKnownFileType = sourcecode.c.objc; name = "UIColor+Transit.m"; path = "Models/UIColor+Transit.m"; sourceTree = "<group>"; };
		1FA09DD915AFBFD100A767AA /* CoreLocation.framework */ = {isa = PBXFileReference; lastKnownFileType = wrapper.framework; name = CoreLocation.framework; path = System/Library/Frameworks/CoreLocation.framework; sourceTree = SDKROOT; };
		1FA819F815E0791900189843 /* TALocationField.h */ = {isa = PBXFileReference; fileEncoding = 4; lastKnownFileType = sourcecode.c.h; name = TALocationField.h; path = Views/TALocationField.h; sourceTree = "<group>"; };
		1FA819F915E0791900189843 /* TALocationField.m */ = {isa = PBXFileReference; fileEncoding = 4; lastKnownFileType = sourcecode.c.objc; name = TALocationField.m; path = Views/TALocationField.m; sourceTree = "<group>"; };
		1FA9E93415E37A83005E681E /* TAWalkStepView.h */ = {isa = PBXFileReference; fileEncoding = 4; lastKnownFileType = sourcecode.c.h; name = TAWalkStepView.h; path = Views/StepViews/TAWalkStepView.h; sourceTree = "<group>"; };
		1FA9E93515E37A83005E681E /* TAWalkStepView.m */ = {isa = PBXFileReference; fileEncoding = 4; lastKnownFileType = sourcecode.c.objc; name = TAWalkStepView.m; path = Views/StepViews/TAWalkStepView.m; sourceTree = "<group>"; };
		1FA9E93715E37AA8005E681E /* TATransitStepView.h */ = {isa = PBXFileReference; fileEncoding = 4; lastKnownFileType = sourcecode.c.h; name = TATransitStepView.h; path = Views/StepViews/TATransitStepView.h; sourceTree = "<group>"; };
		1FA9E93815E37AA8005E681E /* TATransitStepView.m */ = {isa = PBXFileReference; fileEncoding = 4; lastKnownFileType = sourcecode.c.objc; name = TATransitStepView.m; path = Views/StepViews/TATransitStepView.m; sourceTree = "<group>"; };
		1FA9E93A15E37B0E005E681E /* TAWalkStepView.xib */ = {isa = PBXFileReference; fileEncoding = 4; lastKnownFileType = file.xib; name = TAWalkStepView.xib; path = Transit/Resources/Views/StepViews/TAWalkStepView.xib; sourceTree = "<group>"; };
		1FA9E93C15E37B44005E681E /* TATransitStepView.xib */ = {isa = PBXFileReference; fileEncoding = 4; lastKnownFileType = file.xib; name = TATransitStepView.xib; path = Transit/Resources/Views/StepViews/TATransitStepView.xib; sourceTree = "<group>"; };
		1FB0969915E2F54F001F23BC /* TATripPlanCompletionTableViewCell.xib */ = {isa = PBXFileReference; fileEncoding = 4; lastKnownFileType = file.xib; name = TATripPlanCompletionTableViewCell.xib; path = Transit/Resources/Views/CompletionViewCells/TATripPlanCompletionTableViewCell.xib; sourceTree = "<group>"; };
		1FC5DA0E15FEC78F00258B0F /* BlueButton.png */ = {isa = PBXFileReference; lastKnownFileType = image.png; name = BlueButton.png; path = Transit/Resources/Images/Buttons/BlueButton.png; sourceTree = "<group>"; };
		1FC5DA0F15FEC78F00258B0F /* BlueButton@2x.png */ = {isa = PBXFileReference; lastKnownFileType = image.png; name = "BlueButton@2x.png"; path = "Transit/Resources/Images/Buttons/BlueButton@2x.png"; sourceTree = "<group>"; };
		1FC5DA1015FEC78F00258B0F /* BlueButtonPressed.png */ = {isa = PBXFileReference; lastKnownFileType = image.png; name = BlueButtonPressed.png; path = Transit/Resources/Images/Buttons/BlueButtonPressed.png; sourceTree = "<group>"; };
		1FC5DA1115FEC78F00258B0F /* BlueButtonPressed@2x.png */ = {isa = PBXFileReference; lastKnownFileType = image.png; name = "BlueButtonPressed@2x.png"; path = "Transit/Resources/Images/Buttons/BlueButtonPressed@2x.png"; sourceTree = "<group>"; };
		1FC5DA1A15FEDD5400258B0F /* BarShadow.png */ = {isa = PBXFileReference; lastKnownFileType = image.png; name = BarShadow.png; path = Transit/Resources/Images/BarShadow.png; sourceTree = "<group>"; };
		1FC5DA1B15FEDD5400258B0F /* BarShadow@2x.png */ = {isa = PBXFileReference; lastKnownFileType = image.png; name = "BarShadow@2x.png"; path = "Transit/Resources/Images/BarShadow@2x.png"; sourceTree = "<group>"; };
		1FCCF78415D1FF6A00AD2A4C /* TATripPlanNavigatorTest.m */ = {isa = PBXFileReference; fileEncoding = 4; lastKnownFileType = sourcecode.c.objc; name = TATripPlanNavigatorTest.m; path = Models/TATripPlanNavigatorTest.m; sourceTree = "<group>"; };
		1FCCF79315D20CFA00AD2A4C /* TAStep.h */ = {isa = PBXFileReference; fileEncoding = 4; lastKnownFileType = sourcecode.c.h; name = TAStep.h; path = Models/Steps/TAStep.h; sourceTree = "<group>"; };
		1FCCF79415D20CFA00AD2A4C /* TAStep.m */ = {isa = PBXFileReference; fileEncoding = 4; lastKnownFileType = sourcecode.c.objc; name = TAStep.m; path = Models/Steps/TAStep.m; sourceTree = "<group>"; };
		1FCCF79615D23C8B00AD2A4C /* TAStepAnnotation.h */ = {isa = PBXFileReference; fileEncoding = 4; lastKnownFileType = sourcecode.c.h; name = TAStepAnnotation.h; path = Models/Annotations/TAStepAnnotation.h; sourceTree = "<group>"; };
		1FCCF79715D23C8B00AD2A4C /* TAStepAnnotation.m */ = {isa = PBXFileReference; fileEncoding = 4; lastKnownFileType = sourcecode.c.objc; name = TAStepAnnotation.m; path = Models/Annotations/TAStepAnnotation.m; sourceTree = "<group>"; };
		1FD199BE15BBB10100BA8D48 /* CFNetwork.framework */ = {isa = PBXFileReference; lastKnownFileType = wrapper.framework; name = CFNetwork.framework; path = System/Library/Frameworks/CFNetwork.framework; sourceTree = SDKROOT; };
		1FD199C015BBB10800BA8D48 /* CoreData.framework */ = {isa = PBXFileReference; lastKnownFileType = wrapper.framework; name = CoreData.framework; path = System/Library/Frameworks/CoreData.framework; sourceTree = SDKROOT; };
		1FD199C215BBB11000BA8D48 /* MobileCoreServices.framework */ = {isa = PBXFileReference; lastKnownFileType = wrapper.framework; name = MobileCoreServices.framework; path = System/Library/Frameworks/MobileCoreServices.framework; sourceTree = SDKROOT; };
		1FD199C415BBB11B00BA8D48 /* Security.framework */ = {isa = PBXFileReference; lastKnownFileType = wrapper.framework; name = Security.framework; path = System/Library/Frameworks/Security.framework; sourceTree = SDKROOT; };
		1FD199C615BBB12200BA8D48 /* SystemConfiguration.framework */ = {isa = PBXFileReference; lastKnownFileType = wrapper.framework; name = SystemConfiguration.framework; path = System/Library/Frameworks/SystemConfiguration.framework; sourceTree = SDKROOT; };
		1FD199C815BBB12B00BA8D48 /* QuartzCore.framework */ = {isa = PBXFileReference; lastKnownFileType = wrapper.framework; name = QuartzCore.framework; path = System/Library/Frameworks/QuartzCore.framework; sourceTree = SDKROOT; };
		1FD199CA15BBB14900BA8D48 /* libxml2.2.dylib */ = {isa = PBXFileReference; lastKnownFileType = "compiled.mach-o.dylib"; name = libxml2.2.dylib; path = usr/lib/libxml2.2.dylib; sourceTree = SDKROOT; };
		1FF9F62E15CCBA9C00AEBA28 /* TAStepScrollView.h */ = {isa = PBXFileReference; fileEncoding = 4; lastKnownFileType = sourcecode.c.h; name = TAStepScrollView.h; path = Views/TAStepScrollView.h; sourceTree = "<group>"; };
		1FF9F62F15CCBA9C00AEBA28 /* TAStepScrollView.m */ = {isa = PBXFileReference; fileEncoding = 4; lastKnownFileType = sourcecode.c.objc; name = TAStepScrollView.m; path = Views/TAStepScrollView.m; sourceTree = "<group>"; };
		1FF9F63115CCE0C500AEBA28 /* TAStepView.h */ = {isa = PBXFileReference; fileEncoding = 4; lastKnownFileType = sourcecode.c.h; name = TAStepView.h; path = Views/StepViews/TAStepView.h; sourceTree = "<group>"; };
		1FF9F63215CCE0C500AEBA28 /* TAStepView.m */ = {isa = PBXFileReference; fileEncoding = 4; lastKnownFileType = sourcecode.c.objc; name = TAStepView.m; path = Views/StepViews/TAStepView.m; sourceTree = "<group>"; };
		1FFC60FE15D9D99900830612 /* Seattle, WA, USA.gpx */ = {isa = PBXFileReference; lastKnownFileType = text.xml; name = "Seattle, WA, USA.gpx"; path = "TransitTests/Resources/Seattle, WA, USA.gpx"; sourceTree = SOURCE_ROOT; };
		1FFD6C0915AD1D6100A4C388 /* TADirectionsViewController.h */ = {isa = PBXFileReference; fileEncoding = 4; lastKnownFileType = sourcecode.c.h; name = TADirectionsViewController.h; path = Controllers/TADirectionsViewController.h; sourceTree = "<group>"; };
		1FFD6C0A15AD1D6200A4C388 /* TADirectionsViewController.m */ = {isa = PBXFileReference; fileEncoding = 4; lastKnownFileType = sourcecode.c.objc; name = TADirectionsViewController.m; path = Controllers/TADirectionsViewController.m; sourceTree = "<group>"; };
		1FFD6C0E15AD1DA500A4C388 /* MapKit.framework */ = {isa = PBXFileReference; lastKnownFileType = wrapper.framework; name = MapKit.framework; path = System/Library/Frameworks/MapKit.framework; sourceTree = SDKROOT; };
		1FFD80D315DE1A2500CD5423 /* PoweredByGoogle.png */ = {isa = PBXFileReference; lastKnownFileType = image.png; name = PoweredByGoogle.png; path = Transit/Resources/Images/PoweredByGoogle.png; sourceTree = "<group>"; };
		1FFD80D415DE1A2500CD5423 /* PoweredByGoogle@2x.png */ = {isa = PBXFileReference; lastKnownFileType = image.png; name = "PoweredByGoogle@2x.png"; path = "Transit/Resources/Images/PoweredByGoogle@2x.png"; sourceTree = "<group>"; };
		1FFD80D915DE34EB00CD5423 /* TAPlaceCompletion.h */ = {isa = PBXFileReference; fileEncoding = 4; lastKnownFileType = sourcecode.c.h; name = TAPlaceCompletion.h; path = Models/Completions/TAPlaceCompletion.h; sourceTree = "<group>"; };
		1FFD80DA15DE34EB00CD5423 /* TAPlaceCompletion.m */ = {isa = PBXFileReference; fileEncoding = 4; lastKnownFileType = sourcecode.c.objc; name = TAPlaceCompletion.m; path = Models/Completions/TAPlaceCompletion.m; sourceTree = "<group>"; };
		1FFD80DC15DE352F00CD5423 /* TATripPlanCompletion.h */ = {isa = PBXFileReference; fileEncoding = 4; lastKnownFileType = sourcecode.c.h; name = TATripPlanCompletion.h; path = Models/Completions/TATripPlanCompletion.h; sourceTree = "<group>"; };
		1FFD80DD15DE352F00CD5423 /* TATripPlanCompletion.m */ = {isa = PBXFileReference; fileEncoding = 4; lastKnownFileType = sourcecode.c.objc; name = TATripPlanCompletion.m; path = Models/Completions/TATripPlanCompletion.m; sourceTree = "<group>"; };
		1FFD80E015DF138700CD5423 /* TAAttributionCompletion.h */ = {isa = PBXFileReference; fileEncoding = 4; lastKnownFileType = sourcecode.c.h; name = TAAttributionCompletion.h; path = Models/Completions/TAAttributionCompletion.h; sourceTree = "<group>"; };
		1FFD80E115DF138700CD5423 /* TAAttributionCompletion.m */ = {isa = PBXFileReference; fileEncoding = 4; lastKnownFileType = sourcecode.c.objc; name = TAAttributionCompletion.m; path = Models/Completions/TAAttributionCompletion.m; sourceTree = "<group>"; };
/* End PBXFileReference section */

/* Begin PBXFrameworksBuildPhase section */
		1F59515515AC0D98007A4554 /* Frameworks */ = {
			isa = PBXFrameworksBuildPhase;
			buildActionMask = 2147483647;
			files = (
				1F36463E15DB50A000E2B156 /* libRestKit.a in Frameworks */,
				1F06D20715DB446200F91575 /* libPlacesClient.a in Frameworks */,
				1F634AA315C1F6C600192802 /* libOTPClient.a in Frameworks */,
				1FD199CB15BBB14900BA8D48 /* libxml2.2.dylib in Frameworks */,
				1FD199C915BBB12B00BA8D48 /* QuartzCore.framework in Frameworks */,
				1FD199C715BBB12300BA8D48 /* SystemConfiguration.framework in Frameworks */,
				1FD199C515BBB11B00BA8D48 /* Security.framework in Frameworks */,
				1FD199C315BBB11000BA8D48 /* MobileCoreServices.framework in Frameworks */,
				1FD199C115BBB10800BA8D48 /* CoreData.framework in Frameworks */,
				1FD199BF15BBB10100BA8D48 /* CFNetwork.framework in Frameworks */,
				1FA09DDA15AFBFD100A767AA /* CoreLocation.framework in Frameworks */,
				1FFD6C0F15AD1DA500A4C388 /* MapKit.framework in Frameworks */,
				1F59515D15AC0D98007A4554 /* UIKit.framework in Frameworks */,
				1F59515F15AC0D98007A4554 /* Foundation.framework in Frameworks */,
				1F59516115AC0D98007A4554 /* CoreGraphics.framework in Frameworks */,
			);
			runOnlyForDeploymentPostprocessing = 0;
		};
		1F59517515AC0D98007A4554 /* Frameworks */ = {
			isa = PBXFrameworksBuildPhase;
			buildActionMask = 2147483647;
			files = (
				1F06D20A15DB447F00F91575 /* libPlacesClient.a in Frameworks */,
				1FCCF79215D2028B00AD2A4C /* CoreGraphics.framework in Frameworks */,
				1F59517D15AC0D98007A4554 /* Foundation.framework in Frameworks */,
				1F59517C15AC0D98007A4554 /* UIKit.framework in Frameworks */,
				1FCCF79115D2027700AD2A4C /* MapKit.framework in Frameworks */,
				1FCCF79015D2027100AD2A4C /* CoreLocation.framework in Frameworks */,
				1FCCF78F15D2026900AD2A4C /* CFNetwork.framework in Frameworks */,
				1FCCF78E15D2026300AD2A4C /* CoreData.framework in Frameworks */,
				1FCCF78D15D2025B00AD2A4C /* MobileCoreServices.framework in Frameworks */,
				1FCCF78C15D2025400AD2A4C /* Security.framework in Frameworks */,
				1FCCF78B15D2024E00AD2A4C /* SystemConfiguration.framework in Frameworks */,
				1FCCF78A15D2024800AD2A4C /* QuartzCore.framework in Frameworks */,
				1FCCF78915D2024100AD2A4C /* libxml2.2.dylib in Frameworks */,
				1FCCF78815D2023A00AD2A4C /* libOTPClient.a in Frameworks */,
				1F59517B15AC0D98007A4554 /* SenTestingKit.framework in Frameworks */,
			);
			runOnlyForDeploymentPostprocessing = 0;
		};
/* End PBXFrameworksBuildPhase section */

/* Begin PBXGroup section */
		1F06D1F915DB443100F91575 /* Products */ = {
			isa = PBXGroup;
			children = (
				1F06D20215DB443100F91575 /* libPlacesClient.a */,
				1F06D20415DB443100F91575 /* PlacesClientTests.octest */,
			);
			name = Products;
			sourceTree = "<group>";
		};
		1F08CB0715E47F5200E3063E /* Steps */ = {
			isa = PBXGroup;
			children = (
				1FCCF79315D20CFA00AD2A4C /* TAStep.h */,
				1FCCF79415D20CFA00AD2A4C /* TAStep.m */,
				1F08CB0815E480D100E3063E /* TAWalkStep.h */,
				1F08CB0915E480D100E3063E /* TAWalkStep.m */,
				1F08CB0B15E480F100E3063E /* TATransitStep.h */,
				1F08CB0C15E480F100E3063E /* TATransitStep.m */,
			);
			name = Steps;
			sourceTree = "<group>";
		};
		1F20F30516044D3800DC00D7 /* Callouts */ = {
			isa = PBXGroup;
			children = (
				1F20F30616044D4A00DC00D7 /* CalloutLeft.png */,
				1F20F30716044D4A00DC00D7 /* CalloutLeft@2x.png */,
				1F20F30816044D4A00DC00D7 /* CalloutRight.png */,
				1F20F30916044D4A00DC00D7 /* CalloutRight@2x.png */,
			);
			name = Callouts;
			sourceTree = "<group>";
		};
		1F313E3315E9A7F800EEF344 /* Buttons */ = {
			isa = PBXGroup;
			children = (
				1F20F3261605279300DC00D7 /* TrackingHeading.png */,
				1F20F3271605279300DC00D7 /* TrackingHeading@2x.png */,
				1F20F3281605279400DC00D7 /* TrackingLocation.png */,
				1F20F3291605279400DC00D7 /* TrackingLocation@2x.png */,
				1F20F322160526B100DC00D7 /* Overview.png */,
				1F20F323160526B100DC00D7 /* Overview@2x.png */,
				1F20F31E1605235300DC00D7 /* TrackingOff.png */,
				1F20F31F1605235400DC00D7 /* TrackingOff@2x.png */,
				1F20F31A160521C700DC00D7 /* SilverBarDivider.png */,
				1F20F31B160521C700DC00D7 /* SilverBarDivider@2x.png */,
				1F20F31516051F2300DC00D7 /* SilverButton.png */,
				1F20F31616051F2300DC00D7 /* SilverButton@2x.png */,
				1F20F32E160528A200DC00D7 /* SilverButtonPressed.png */,
				1F20F32F160528A200DC00D7 /* SilverButtonPressed@2x.png */,
				1F20F312160471EB00DC00D7 /* Options.png */,
				1F20F3101604617D00DC00D7 /* Options@2x.png */,
				1F20F31416051F2300DC00D7 /* Map.png */,
				1F20F30E160458FF00DC00D7 /* Map@2x.png */,
				1FC5DA0E15FEC78F00258B0F /* BlueButton.png */,
				1FC5DA0F15FEC78F00258B0F /* BlueButton@2x.png */,
				1FC5DA1015FEC78F00258B0F /* BlueButtonPressed.png */,
				1FC5DA1115FEC78F00258B0F /* BlueButtonPressed@2x.png */,
				1F0A4D2A15E9CAA30040B2CB /* Swap.png */,
				1F0A4D2B15E9CAA30040B2CB /* Swap@2x.png */,
				1F1A9EBC1603157A00D74BF2 /* List.png */,
				1F1A9EBD1603157A00D74BF2 /* List@2x.png */,
			);
			name = Buttons;
			sourceTree = "<group>";
		};
		1F313E3415E9A97600EEF344 /* Fields */ = {
			isa = PBXGroup;
			children = (
				1F313E2715E98EED00EEF344 /* LocationField.png */,
				1F313E2815E98EED00EEF344 /* LocationField@2x.png */,
				1F313E3515E9A98600EEF344 /* TagSelected.png */,
				1F313E3615E9A98600EEF344 /* TagSelected@2x.png */,
			);
			name = Fields;
			sourceTree = "<group>";
		};
		1F36462815DB505900E2B156 /* Products */ = {
			isa = PBXGroup;
			children = (
				1F36463315DB505A00E2B156 /* libRestKit.a */,
				1F36463515DB505A00E2B156 /* RestKitTests.octest */,
				1F36463715DB505A00E2B156 /* RestKit.framework */,
				1F36463915DB505A00E2B156 /* RestKitFrameworkTests.octest */,
				1F36463B15DB505A00E2B156 /* RestKitResources.bundle */,
			);
			name = Products;
			sourceTree = "<group>";
		};
		1F50B1F415CB51C9003AC67D /* Stores */ = {
			isa = PBXGroup;
			children = (
				1F50B1F515CB51F7003AC67D /* TALocationManager.h */,
				1F50B1F615CB51F7003AC67D /* TALocationManager.m */,
				1F36464F15DB671400E2B156 /* TACompletionsController.h */,
				1F36465015DB671400E2B156 /* TACompletionsController.m */,
				1F39061815E1A6BA00D05A59 /* CLGeocoder+Transit.h */,
				1F39061915E1A6BA00D05A59 /* CLGeocoder+Transit.m */,
			);
			name = Stores;
			sourceTree = "<group>";
		};
		1F592E0F1602F26B005A43B9 /* Launch */ = {
			isa = PBXGroup;
			children = (
				1F3935511602FEBD000443AF /* Default.png */,
				1F592E121602F38E005A43B9 /* Default@2x.png */,
				1F592E101602F27C005A43B9 /* Default-568h@2x.png */,
			);
			name = Launch;
			sourceTree = "<group>";
		};
		1F59514D15AC0D98007A4554 = {
			isa = PBXGroup;
			children = (
				1F59516215AC0D98007A4554 /* Transit */,
				1F59518015AC0D98007A4554 /* TransitTests */,
				1FA09DF515B150D400A767AA /* Libraries */,
				1F59515B15AC0D98007A4554 /* Frameworks */,
				1F59515915AC0D98007A4554 /* Products */,
			);
			sourceTree = "<group>";
		};
		1F59515915AC0D98007A4554 /* Products */ = {
			isa = PBXGroup;
			children = (
				1F59515815AC0D98007A4554 /* Transit.app */,
				1F59517915AC0D98007A4554 /* TransitTests.octest */,
			);
			name = Products;
			sourceTree = "<group>";
		};
		1F59515B15AC0D98007A4554 /* Frameworks */ = {
			isa = PBXGroup;
			children = (
				1FD199C815BBB12B00BA8D48 /* QuartzCore.framework */,
				1FD199C615BBB12200BA8D48 /* SystemConfiguration.framework */,
				1FD199C415BBB11B00BA8D48 /* Security.framework */,
				1FD199C215BBB11000BA8D48 /* MobileCoreServices.framework */,
				1FD199C015BBB10800BA8D48 /* CoreData.framework */,
				1FD199BE15BBB10100BA8D48 /* CFNetwork.framework */,
				1FA09DD915AFBFD100A767AA /* CoreLocation.framework */,
				1FFD6C0E15AD1DA500A4C388 /* MapKit.framework */,
				1F59515C15AC0D98007A4554 /* UIKit.framework */,
				1F59515E15AC0D98007A4554 /* Foundation.framework */,
				1F59516015AC0D98007A4554 /* CoreGraphics.framework */,
				1F59517A15AC0D98007A4554 /* SenTestingKit.framework */,
			);
			name = Frameworks;
			sourceTree = "<group>";
		};
		1F59516215AC0D98007A4554 /* Transit */ = {
			isa = PBXGroup;
			children = (
				1F59516B15AC0D98007A4554 /* TAAppDelegate.h */,
				1F59516C15AC0D98007A4554 /* TAAppDelegate.m */,
				1F50B1F415CB51C9003AC67D /* Stores */,
				1FFD6C0415AC1B8D00A4C388 /* Models */,
				1FFD6C0715AC1BAA00A4C388 /* Controllers */,
				1FFD6C0615AC1B9600A4C388 /* Views */,
				1F59519A15AC1659007A4554 /* Resources */,
				1F59516315AC0D98007A4554 /* SupportingFiles */,
			);
			path = Transit;
			sourceTree = "<group>";
		};
		1F59516315AC0D98007A4554 /* SupportingFiles */ = {
			isa = PBXGroup;
			children = (
				1F59516415AC0D98007A4554 /* Transit-Info.plist */,
				1F59516815AC0D98007A4554 /* main.m */,
				1F59516A15AC0D98007A4554 /* Transit-Prefix.pch */,
				1F12167A15C207AE007B75A5 /* MACLog.h */,
			);
			name = SupportingFiles;
			sourceTree = "<group>";
		};
		1F59518015AC0D98007A4554 /* TransitTests */ = {
			isa = PBXGroup;
			children = (
				1FFC60FF15D9D9FC00830612 /* Resources */,
				1FCCF78215D1FF2C00AD2A4C /* Models */,
				1FBE2FD315CBA69100928B87 /* Fixtures */,
				1F59518115AC0D98007A4554 /* Supporting Files */,
			);
			path = TransitTests;
			sourceTree = "<group>";
		};
		1F59518115AC0D98007A4554 /* Supporting Files */ = {
			isa = PBXGroup;
			children = (
				1F59518215AC0D98007A4554 /* TransitTests-Info.plist */,
				1F59518315AC0D98007A4554 /* InfoPlist.strings */,
			);
			name = "Supporting Files";
			sourceTree = "<group>";
		};
		1F59519A15AC1659007A4554 /* Resources */ = {
			isa = PBXGroup;
			children = (
				1F905EF315DDBCF50061BCE0 /* Views */,
				1F90386D15D71F8A00B00877 /* Images */,
			);
			name = Resources;
			path = ..;
			sourceTree = "<group>";
		};
		1F634A9515C1F4CC00192802 /* Products */ = {
			isa = PBXGroup;
			children = (
				1F634A9E15C1F4CC00192802 /* libOTPClient.a */,
				1F634AA015C1F4CC00192802 /* OTPClientTests.octest */,
			);
			name = Products;
			sourceTree = "<group>";
		};
		1F7CACFB15C4ED3600A17454 /* Annotations */ = {
			isa = PBXGroup;
			children = (
				1FCCF79615D23C8B00AD2A4C /* TAStepAnnotation.h */,
				1FCCF79715D23C8B00AD2A4C /* TAStepAnnotation.m */,
				1F34CAB515D70DAE00322C04 /* TACurrentStepAnnotation.h */,
				1F34CAB615D70DAE00322C04 /* TACurrentStepAnnotation.m */,
			);
			name = Annotations;
			sourceTree = "<group>";
		};
		1F90386D15D71F8A00B00877 /* Images */ = {
			isa = PBXGroup;
			children = (
				1F20F30516044D3800DC00D7 /* Callouts */,
				1F20F3011604462600DC00D7 /* CurrentStepAnnotation.png */,
				1F20F3021604462600DC00D7 /* CurrentStepAnnotation@2x.png */,
				1F592E0F1602F26B005A43B9 /* Launch */,
				1F313E3415E9A97600EEF344 /* Fields */,
				1F313E3315E9A7F800EEF344 /* Buttons */,
				1F08CB2515E4E36600E3063E /* LocationInputBackground.png */,
				1F313E1115E8CCFA00EEF344 /* LocationInputBackground@2x.png */,
				1FC5DA1A15FEDD5400258B0F /* BarShadow.png */,
				1FC5DA1B15FEDD5400258B0F /* BarShadow@2x.png */,
				1FFD80D315DE1A2500CD5423 /* PoweredByGoogle.png */,
				1FFD80D415DE1A2500CD5423 /* PoweredByGoogle@2x.png */,
			);
			name = Images;
			sourceTree = "<group>";
		};
		1F905EF315DDBCF50061BCE0 /* Views */ = {
			isa = PBXGroup;
			children = (
				1FA9E93315E37A19005E681E /* StepViews */,
				1FB0969815E2F4F4001F23BC /* CompletionViewCells */,
				1F9357BF15C20F3F0045D6DF /* TALocationInputViewController.xib */,
			);
			name = Views;
			sourceTree = "<group>";
		};
		1F95994C15DDCE2200C7E220 /* TableViewCells */ = {
			isa = PBXGroup;
			children = (
			);
			name = TableViewCells;
			sourceTree = "<group>";
		};
		1FA09DF515B150D400A767AA /* Libraries */ = {
			isa = PBXGroup;
			children = (
				1FD199CA15BBB14900BA8D48 /* libxml2.2.dylib */,
				1F06D1F815DB443100F91575 /* PlacesClient.xcodeproj */,
				1F634A9415C1F4CC00192802 /* OTPClient.xcodeproj */,
				1F36462715DB505900E2B156 /* RestKit.xcodeproj */,
			);
			name = Libraries;
			sourceTree = "<group>";
		};
		1FA9E93215E3799B005E681E /* StepViews */ = {
			isa = PBXGroup;
			children = (
				1FF9F63115CCE0C500AEBA28 /* TAStepView.h */,
				1FF9F63215CCE0C500AEBA28 /* TAStepView.m */,
				1FA9E93415E37A83005E681E /* TAWalkStepView.h */,
				1FA9E93515E37A83005E681E /* TAWalkStepView.m */,
				1FA9E93715E37AA8005E681E /* TATransitStepView.h */,
				1FA9E93815E37AA8005E681E /* TATransitStepView.m */,
			);
			name = StepViews;
			sourceTree = "<group>";
		};
		1FA9E93315E37A19005E681E /* StepViews */ = {
			isa = PBXGroup;
			children = (
				1FA9E93A15E37B0E005E681E /* TAWalkStepView.xib */,
				1FA9E93C15E37B44005E681E /* TATransitStepView.xib */,
			);
			name = StepViews;
			sourceTree = "<group>";
		};
		1FB0969815E2F4F4001F23BC /* CompletionViewCells */ = {
			isa = PBXGroup;
			children = (
				1F43478A15E31AB70047F828 /* TACurrentLocationCompletionTableViewCell.xib */,
				1FB0969915E2F54F001F23BC /* TATripPlanCompletionTableViewCell.xib */,
				1F4347A315E31F280047F828 /* TAPlaceCompletionTableViewCell.xib */,
				1F4347A815E322640047F828 /* TAAttributionCompletionTableViewCell.xib */,
			);
			name = CompletionViewCells;
			sourceTree = "<group>";
		};
		1FBE2FD315CBA69100928B87 /* Fixtures */ = {
			isa = PBXGroup;
			children = (
				1F905EED15DDBCE60061BCE0 /* autocompleteResponse.json */,
				1F905EEE15DDBCE60061BCE0 /* detailsResponse.json */,
				1F905EEF15DDBCE60061BCE0 /* tripPlanResponse.json */,
			);
			name = Fixtures;
			sourceTree = "<group>";
		};
		1FCCF78215D1FF2C00AD2A4C /* Models */ = {
			isa = PBXGroup;
			children = (
				1FCCF78415D1FF6A00AD2A4C /* TATripPlanNavigatorTest.m */,
			);
			name = Models;
			sourceTree = "<group>";
		};
		1FFC60FF15D9D9FC00830612 /* Resources */ = {
			isa = PBXGroup;
			children = (
				1FFC60FE15D9D99900830612 /* Seattle, WA, USA.gpx */,
			);
			name = Resources;
			sourceTree = "<group>";
		};
		1FFD6C0415AC1B8D00A4C388 /* Models */ = {
			isa = PBXGroup;
			children = (
				1F08CB0715E47F5200E3063E /* Steps */,
				1FFD80DF15DE394E00CD5423 /* Completions */,
				1F7CACFB15C4ED3600A17454 /* Annotations */,
				1F5F66A815D0CF91002B84DE /* TATripPlanNavigator.h */,
				1F5F66A915D0CF91002B84DE /* TATripPlanNavigator.m */,
				1F56EB8015DF55DA009D25C9 /* TAPlacemark.h */,
				1F56EB8115DF55DB009D25C9 /* TAPlacemark.m */,
				1F9EA46515E0BFF300EAC57D /* UIColor+Transit.h */,
				1F9EA46615E0BFF300EAC57D /* UIColor+Transit.m */,
			);
			name = Models;
			sourceTree = "<group>";
		};
		1FFD6C0615AC1B9600A4C388 /* Views */ = {
			isa = PBXGroup;
			children = (
				1FA9E93215E3799B005E681E /* StepViews */,
				1F95994C15DDCE2200C7E220 /* TableViewCells */,
				1F77405515C6253100F3D527 /* MKMapView+Transit.h */,
				1F77405615C6253100F3D527 /* MKMapView+Transit.m */,
				1FA819F815E0791900189843 /* TALocationField.h */,
				1FA819F915E0791900189843 /* TALocationField.m */,
				1FF9F62E15CCBA9C00AEBA28 /* TAStepScrollView.h */,
				1FF9F62F15CCBA9C00AEBA28 /* TAStepScrollView.m */,
			);
			name = Views;
			sourceTree = "<group>";
		};
		1FFD6C0715AC1BAA00A4C388 /* Controllers */ = {
			isa = PBXGroup;
			children = (
				1F59516E15AC0D98007A4554 /* TALocationInputViewController.h */,
				1F59516F15AC0D98007A4554 /* TALocationInputViewController.m */,
				1FFD6C0915AD1D6100A4C388 /* TADirectionsViewController.h */,
				1FFD6C0A15AD1D6200A4C388 /* TADirectionsViewController.m */,
				1F342CC415AE4DE800E2A6E8 /* TATransitOptionsViewController.h */,
				1F342CC515AE4DE800E2A6E8 /* TATransitOptionsViewController.m */,
			);
			name = Controllers;
			sourceTree = "<group>";
		};
		1FFD80DF15DE394E00CD5423 /* Completions */ = {
			isa = PBXGroup;
			children = (
				1F36465215DB6B3B00E2B156 /* TACompletion.h */,
				1F36465315DB6B3B00E2B156 /* TACompletion.m */,
				1F56EB7D15DF2DCD009D25C9 /* TACurrentLocationCompletion.h */,
				1F56EB7E15DF2DCD009D25C9 /* TACurrentLocationCompletion.m */,
				1FFD80DC15DE352F00CD5423 /* TATripPlanCompletion.h */,
				1FFD80DD15DE352F00CD5423 /* TATripPlanCompletion.m */,
				1FFD80D915DE34EB00CD5423 /* TAPlaceCompletion.h */,
				1FFD80DA15DE34EB00CD5423 /* TAPlaceCompletion.m */,
				1FFD80E015DF138700CD5423 /* TAAttributionCompletion.h */,
				1FFD80E115DF138700CD5423 /* TAAttributionCompletion.m */,
			);
			name = Completions;
			sourceTree = "<group>";
		};
/* End PBXGroup section */

/* Begin PBXNativeTarget section */
		1F59515715AC0D98007A4554 /* Transit */ = {
			isa = PBXNativeTarget;
			buildConfigurationList = 1F59518B15AC0D98007A4554 /* Build configuration list for PBXNativeTarget "Transit" */;
			buildPhases = (
				1F59515415AC0D98007A4554 /* Sources */,
				1F59515515AC0D98007A4554 /* Frameworks */,
				1F59515615AC0D98007A4554 /* Resources */,
			);
			buildRules = (
			);
			dependencies = (
				1F36463D15DB508500E2B156 /* PBXTargetDependency */,
				1F06D20615DB445900F91575 /* PBXTargetDependency */,
				1F634AA215C1F69A00192802 /* PBXTargetDependency */,
			);
			name = Transit;
			productName = Transit;
			productReference = 1F59515815AC0D98007A4554 /* Transit.app */;
			productType = "com.apple.product-type.application";
		};
		1F59517815AC0D98007A4554 /* TransitTests */ = {
			isa = PBXNativeTarget;
			buildConfigurationList = 1F59518E15AC0D98007A4554 /* Build configuration list for PBXNativeTarget "TransitTests" */;
			buildPhases = (
				1F59517415AC0D98007A4554 /* Sources */,
				1F59517515AC0D98007A4554 /* Frameworks */,
				1F59517615AC0D98007A4554 /* Resources */,
				1F59517715AC0D98007A4554 /* ShellScript */,
			);
			buildRules = (
			);
			dependencies = (
				1F59517F15AC0D98007A4554 /* PBXTargetDependency */,
			);
			name = TransitTests;
			productName = TransitTests;
			productReference = 1F59517915AC0D98007A4554 /* TransitTests.octest */;
			productType = "com.apple.product-type.bundle";
		};
/* End PBXNativeTarget section */

/* Begin PBXProject section */
		1F59514F15AC0D98007A4554 /* Project object */ = {
			isa = PBXProject;
			attributes = {
				CLASSPREFIX = TA;
				LastUpgradeCheck = 0450;
				ORGANIZATIONNAME = "Seven O' Eight";
			};
			buildConfigurationList = 1F59515215AC0D98007A4554 /* Build configuration list for PBXProject "Transit" */;
			compatibilityVersion = "Xcode 3.2";
			developmentRegion = English;
			hasScannedForEncodings = 0;
			knownRegions = (
				en,
			);
			mainGroup = 1F59514D15AC0D98007A4554;
			productRefGroup = 1F59515915AC0D98007A4554 /* Products */;
			projectDirPath = "";
			projectReferences = (
				{
					ProductGroup = 1F634A9515C1F4CC00192802 /* Products */;
					ProjectRef = 1F634A9415C1F4CC00192802 /* OTPClient.xcodeproj */;
				},
				{
					ProductGroup = 1F06D1F915DB443100F91575 /* Products */;
					ProjectRef = 1F06D1F815DB443100F91575 /* PlacesClient.xcodeproj */;
				},
				{
					ProductGroup = 1F36462815DB505900E2B156 /* Products */;
					ProjectRef = 1F36462715DB505900E2B156 /* RestKit.xcodeproj */;
				},
			);
			projectRoot = "";
			targets = (
				1F59515715AC0D98007A4554 /* Transit */,
				1F59517815AC0D98007A4554 /* TransitTests */,
			);
		};
/* End PBXProject section */

/* Begin PBXReferenceProxy section */
		1F06D20215DB443100F91575 /* libPlacesClient.a */ = {
			isa = PBXReferenceProxy;
			fileType = archive.ar;
			path = libPlacesClient.a;
			remoteRef = 1F06D20115DB443100F91575 /* PBXContainerItemProxy */;
			sourceTree = BUILT_PRODUCTS_DIR;
		};
		1F06D20415DB443100F91575 /* PlacesClientTests.octest */ = {
			isa = PBXReferenceProxy;
			fileType = wrapper.cfbundle;
			path = PlacesClientTests.octest;
			remoteRef = 1F06D20315DB443100F91575 /* PBXContainerItemProxy */;
			sourceTree = BUILT_PRODUCTS_DIR;
		};
		1F36463315DB505A00E2B156 /* libRestKit.a */ = {
			isa = PBXReferenceProxy;
			fileType = archive.ar;
			path = libRestKit.a;
			remoteRef = 1F36463215DB505A00E2B156 /* PBXContainerItemProxy */;
			sourceTree = BUILT_PRODUCTS_DIR;
		};
		1F36463515DB505A00E2B156 /* RestKitTests.octest */ = {
			isa = PBXReferenceProxy;
			fileType = wrapper.cfbundle;
			path = RestKitTests.octest;
			remoteRef = 1F36463415DB505A00E2B156 /* PBXContainerItemProxy */;
			sourceTree = BUILT_PRODUCTS_DIR;
		};
		1F36463715DB505A00E2B156 /* RestKit.framework */ = {
			isa = PBXReferenceProxy;
			fileType = wrapper.framework;
			path = RestKit.framework;
			remoteRef = 1F36463615DB505A00E2B156 /* PBXContainerItemProxy */;
			sourceTree = BUILT_PRODUCTS_DIR;
		};
		1F36463915DB505A00E2B156 /* RestKitFrameworkTests.octest */ = {
			isa = PBXReferenceProxy;
			fileType = wrapper.cfbundle;
			path = RestKitFrameworkTests.octest;
			remoteRef = 1F36463815DB505A00E2B156 /* PBXContainerItemProxy */;
			sourceTree = BUILT_PRODUCTS_DIR;
		};
		1F36463B15DB505A00E2B156 /* RestKitResources.bundle */ = {
			isa = PBXReferenceProxy;
			fileType = wrapper.cfbundle;
			path = RestKitResources.bundle;
			remoteRef = 1F36463A15DB505A00E2B156 /* PBXContainerItemProxy */;
			sourceTree = BUILT_PRODUCTS_DIR;
		};
		1F634A9E15C1F4CC00192802 /* libOTPClient.a */ = {
			isa = PBXReferenceProxy;
			fileType = archive.ar;
			path = libOTPClient.a;
			remoteRef = 1F634A9D15C1F4CC00192802 /* PBXContainerItemProxy */;
			sourceTree = BUILT_PRODUCTS_DIR;
		};
		1F634AA015C1F4CC00192802 /* OTPClientTests.octest */ = {
			isa = PBXReferenceProxy;
			fileType = wrapper.cfbundle;
			path = OTPClientTests.octest;
			remoteRef = 1F634A9F15C1F4CC00192802 /* PBXContainerItemProxy */;
			sourceTree = BUILT_PRODUCTS_DIR;
		};
/* End PBXReferenceProxy section */

/* Begin PBXResourcesBuildPhase section */
		1F59515615AC0D98007A4554 /* Resources */ = {
			isa = PBXResourcesBuildPhase;
			buildActionMask = 2147483647;
			files = (
				1F9357C015C20F3F0045D6DF /* TALocationInputViewController.xib in Resources */,
				1FFD80D515DE1A2500CD5423 /* PoweredByGoogle.png in Resources */,
				1FFD80D615DE1A2500CD5423 /* PoweredByGoogle@2x.png in Resources */,
				1FB0969A15E2F54F001F23BC /* TATripPlanCompletionTableViewCell.xib in Resources */,
				1F43478B15E31AB70047F828 /* TACurrentLocationCompletionTableViewCell.xib in Resources */,
				1F4347A415E31F280047F828 /* TAPlaceCompletionTableViewCell.xib in Resources */,
				1F4347A915E322640047F828 /* TAAttributionCompletionTableViewCell.xib in Resources */,
				1FA9E93B15E37B0E005E681E /* TAWalkStepView.xib in Resources */,
				1FA9E93D15E37B44005E681E /* TATransitStepView.xib in Resources */,
				1F08CB2615E4E36600E3063E /* LocationInputBackground.png in Resources */,
				1F313E1215E8CCFA00EEF344 /* LocationInputBackground@2x.png in Resources */,
				1F313E2915E98EED00EEF344 /* LocationField.png in Resources */,
				1F313E2A15E98EED00EEF344 /* LocationField@2x.png in Resources */,
				1F313E3715E9A98600EEF344 /* TagSelected.png in Resources */,
				1F313E3815E9A98600EEF344 /* TagSelected@2x.png in Resources */,
				1F0A4D2E15E9CAA30040B2CB /* Swap.png in Resources */,
				1F0A4D2F15E9CAA30040B2CB /* Swap@2x.png in Resources */,
				1FC5DA1215FEC78F00258B0F /* BlueButton.png in Resources */,
				1FC5DA1315FEC78F00258B0F /* BlueButton@2x.png in Resources */,
				1FC5DA1415FEC78F00258B0F /* BlueButtonPressed.png in Resources */,
				1FC5DA1515FEC78F00258B0F /* BlueButtonPressed@2x.png in Resources */,
				1FC5DA1C15FEDD5400258B0F /* BarShadow.png in Resources */,
				1FC5DA1D15FEDD5400258B0F /* BarShadow@2x.png in Resources */,
				1F592E111602F27C005A43B9 /* Default-568h@2x.png in Resources */,
				1F592E131602F38E005A43B9 /* Default@2x.png in Resources */,
				1F3935521602FEBD000443AF /* Default.png in Resources */,
				1F1A9EBE1603157A00D74BF2 /* List.png in Resources */,
				1F1A9EBF1603157A00D74BF2 /* List@2x.png in Resources */,
				1F20F3031604462600DC00D7 /* CurrentStepAnnotation.png in Resources */,
				1F20F3041604462600DC00D7 /* CurrentStepAnnotation@2x.png in Resources */,
				1F20F30A16044D4A00DC00D7 /* CalloutLeft.png in Resources */,
				1F20F30B16044D4A00DC00D7 /* CalloutLeft@2x.png in Resources */,
				1F20F30C16044D4A00DC00D7 /* CalloutRight.png in Resources */,
				1F20F30D16044D4A00DC00D7 /* CalloutRight@2x.png in Resources */,
				1F20F30F160458FF00DC00D7 /* Map@2x.png in Resources */,
				1F20F3111604617D00DC00D7 /* Options@2x.png in Resources */,
				1F20F313160471EB00DC00D7 /* Options.png in Resources */,
				1F20F31716051F2300DC00D7 /* Map.png in Resources */,
				1F20F31816051F2300DC00D7 /* SilverButton.png in Resources */,
				1F20F31916051F2300DC00D7 /* SilverButton@2x.png in Resources */,
				1F20F31C160521C700DC00D7 /* SilverBarDivider.png in Resources */,
				1F20F31D160521C700DC00D7 /* SilverBarDivider@2x.png in Resources */,
				1F20F3201605235400DC00D7 /* TrackingOff.png in Resources */,
				1F20F3211605235400DC00D7 /* TrackingOff@2x.png in Resources */,
				1F20F324160526B100DC00D7 /* Overview.png in Resources */,
				1F20F325160526B100DC00D7 /* Overview@2x.png in Resources */,
				1F20F32A1605279400DC00D7 /* TrackingHeading.png in Resources */,
				1F20F32B1605279400DC00D7 /* TrackingHeading@2x.png in Resources */,
				1F20F32C1605279400DC00D7 /* TrackingLocation.png in Resources */,
				1F20F32D1605279400DC00D7 /* TrackingLocation@2x.png in Resources */,
				1F20F330160528A200DC00D7 /* SilverButtonPressed.png in Resources */,
				1F20F331160528A200DC00D7 /* SilverButtonPressed@2x.png in Resources */,
			);
			runOnlyForDeploymentPostprocessing = 0;
		};
		1F59517615AC0D98007A4554 /* Resources */ = {
			isa = PBXResourcesBuildPhase;
			buildActionMask = 2147483647;
			files = (
				1F59518515AC0D98007A4554 /* InfoPlist.strings in Resources */,
				1F905EF015DDBCE60061BCE0 /* autocompleteResponse.json in Resources */,
				1F905EF115DDBCE60061BCE0 /* detailsResponse.json in Resources */,
				1F905EF215DDBCE60061BCE0 /* tripPlanResponse.json in Resources */,
			);
			runOnlyForDeploymentPostprocessing = 0;
		};
/* End PBXResourcesBuildPhase section */

/* Begin PBXShellScriptBuildPhase section */
		1F59517715AC0D98007A4554 /* ShellScript */ = {
			isa = PBXShellScriptBuildPhase;
			buildActionMask = 2147483647;
			files = (
			);
			inputPaths = (
			);
			outputPaths = (
			);
			runOnlyForDeploymentPostprocessing = 0;
			shellPath = /bin/sh;
			shellScript = "# Run the unit tests in this test bundle.\n\"${SYSTEM_DEVELOPER_DIR}/Tools/RunUnitTests\"\n";
		};
/* End PBXShellScriptBuildPhase section */

/* Begin PBXSourcesBuildPhase section */
		1F59515415AC0D98007A4554 /* Sources */ = {
			isa = PBXSourcesBuildPhase;
			buildActionMask = 2147483647;
			files = (
				1F59516915AC0D98007A4554 /* main.m in Sources */,
				1F59516D15AC0D98007A4554 /* TAAppDelegate.m in Sources */,
				1F59517015AC0D98007A4554 /* TALocationInputViewController.m in Sources */,
				1FFD6C0C15AD1D6200A4C388 /* TADirectionsViewController.m in Sources */,
				1F342CC615AE4DE800E2A6E8 /* TATransitOptionsViewController.m in Sources */,
				1F77405715C6253100F3D527 /* MKMapView+Transit.m in Sources */,
				1F50B1F715CB51F7003AC67D /* TALocationManager.m in Sources */,
				1FF9F63015CCBA9C00AEBA28 /* TAStepScrollView.m in Sources */,
				1FF9F63315CCE0C500AEBA28 /* TAStepView.m in Sources */,
				1F5F66AA15D0CF91002B84DE /* TATripPlanNavigator.m in Sources */,
				1FCCF79515D20CFA00AD2A4C /* TAStep.m in Sources */,
				1FCCF79815D23C8C00AD2A4C /* TAStepAnnotation.m in Sources */,
				1F34CAB715D70DAE00322C04 /* TACurrentStepAnnotation.m in Sources */,
				1F36465115DB671400E2B156 /* TACompletionsController.m in Sources */,
				1F36465415DB6B3B00E2B156 /* TACompletion.m in Sources */,
				1FFD80DB15DE34EB00CD5423 /* TAPlaceCompletion.m in Sources */,
				1FFD80DE15DE352F00CD5423 /* TATripPlanCompletion.m in Sources */,
				1FFD80E215DF138700CD5423 /* TAAttributionCompletion.m in Sources */,
				1F56EB7F15DF2DCD009D25C9 /* TACurrentLocationCompletion.m in Sources */,
				1F56EB8215DF55DB009D25C9 /* TAPlacemark.m in Sources */,
				1FA819FA15E0791900189843 /* TALocationField.m in Sources */,
				1F9EA46715E0BFF300EAC57D /* UIColor+Transit.m in Sources */,
				1F39061A15E1A6BA00D05A59 /* CLGeocoder+Transit.m in Sources */,
				1FA9E93615E37A83005E681E /* TAWalkStepView.m in Sources */,
				1FA9E93915E37AA8005E681E /* TATransitStepView.m in Sources */,
				1F08CB0A15E480D200E3063E /* TAWalkStep.m in Sources */,
				1F08CB0D15E480F100E3063E /* TATransitStep.m in Sources */,
			);
			runOnlyForDeploymentPostprocessing = 0;
		};
		1F59517415AC0D98007A4554 /* Sources */ = {
			isa = PBXSourcesBuildPhase;
			buildActionMask = 2147483647;
			files = (
				1FCCF78515D1FF6A00AD2A4C /* TATripPlanNavigatorTest.m in Sources */,
			);
			runOnlyForDeploymentPostprocessing = 0;
		};
/* End PBXSourcesBuildPhase section */

/* Begin PBXTargetDependency section */
		1F06D20615DB445900F91575 /* PBXTargetDependency */ = {
			isa = PBXTargetDependency;
			name = PlacesClient;
			targetProxy = 1F06D20515DB445900F91575 /* PBXContainerItemProxy */;
		};
		1F36463D15DB508500E2B156 /* PBXTargetDependency */ = {
			isa = PBXTargetDependency;
			name = RestKit;
			targetProxy = 1F36463C15DB508500E2B156 /* PBXContainerItemProxy */;
		};
		1F59517F15AC0D98007A4554 /* PBXTargetDependency */ = {
			isa = PBXTargetDependency;
			target = 1F59515715AC0D98007A4554 /* Transit */;
			targetProxy = 1F59517E15AC0D98007A4554 /* PBXContainerItemProxy */;
		};
		1F634AA215C1F69A00192802 /* PBXTargetDependency */ = {
			isa = PBXTargetDependency;
			name = OTPClient;
			targetProxy = 1F634AA115C1F69A00192802 /* PBXContainerItemProxy */;
		};
/* End PBXTargetDependency section */

/* Begin PBXVariantGroup section */
		1F59518315AC0D98007A4554 /* InfoPlist.strings */ = {
			isa = PBXVariantGroup;
			children = (
				1F59518415AC0D98007A4554 /* en */,
			);
			name = InfoPlist.strings;
			sourceTree = "<group>";
		};
/* End PBXVariantGroup section */

/* Begin XCBuildConfiguration section */
		1F59518915AC0D98007A4554 /* Debug */ = {
			isa = XCBuildConfiguration;
			buildSettings = {
				ALWAYS_SEARCH_USER_PATHS = NO;
				CLANG_CXX_LANGUAGE_STANDARD = "gnu++0x";
				CLANG_ENABLE_OBJC_ARC = YES;
				CLANG_WARN__DUPLICATE_METHOD_MATCH = YES;
				"CODE_SIGN_IDENTITY[sdk=iphoneos*]" = "iPhone Developer";
				COPY_PHASE_STRIP = NO;
				GCC_C_LANGUAGE_STANDARD = gnu99;
				GCC_DYNAMIC_NO_PIC = NO;
				GCC_OPTIMIZATION_LEVEL = 0;
				GCC_PREPROCESSOR_DEFINITIONS = (
					"DEBUG=1",
					"$(inherited)",
				);
				GCC_SYMBOLS_PRIVATE_EXTERN = NO;
				GCC_WARN_ABOUT_RETURN_TYPE = YES;
				GCC_WARN_UNINITIALIZED_AUTOS = YES;
				GCC_WARN_UNUSED_VARIABLE = YES;
				IPHONEOS_DEPLOYMENT_TARGET = 5.0;
				SDKROOT = iphoneos;
			};
			name = Debug;
		};
		1F59518A15AC0D98007A4554 /* Release */ = {
			isa = XCBuildConfiguration;
			buildSettings = {
				ALWAYS_SEARCH_USER_PATHS = NO;
				CLANG_CXX_LANGUAGE_STANDARD = "gnu++0x";
				CLANG_ENABLE_OBJC_ARC = YES;
				CLANG_WARN__DUPLICATE_METHOD_MATCH = YES;
				"CODE_SIGN_IDENTITY[sdk=iphoneos*]" = "iPhone Developer";
				COPY_PHASE_STRIP = YES;
				GCC_C_LANGUAGE_STANDARD = gnu99;
				GCC_WARN_ABOUT_RETURN_TYPE = YES;
				GCC_WARN_UNINITIALIZED_AUTOS = YES;
				GCC_WARN_UNUSED_VARIABLE = YES;
				IPHONEOS_DEPLOYMENT_TARGET = 5.0;
				OTHER_CFLAGS = "-DNS_BLOCK_ASSERTIONS=1";
				SDKROOT = iphoneos;
				VALIDATE_PRODUCT = YES;
			};
			name = Release;
		};
		1F59518C15AC0D98007A4554 /* Debug */ = {
			isa = XCBuildConfiguration;
			buildSettings = {
				GCC_PRECOMPILE_PREFIX_HEADER = YES;
				GCC_PREFIX_HEADER = "Transit/SupportingFiles/Transit-Prefix.pch";
				INFOPLIST_FILE = "Transit/SupportingFiles/Transit-Info.plist";
				IPHONEOS_DEPLOYMENT_TARGET = 5.0;
				OTHER_LDFLAGS = (
					"-ObjC",
					"-all_load",
				);
				PRODUCT_NAME = "$(TARGET_NAME)";
				USER_HEADER_SEARCH_PATHS = "$(BUILT_PRODUCTS_DIR)/../../Headers/**";
				WRAPPER_EXTENSION = app;
			};
			name = Debug;
		};
		1F59518D15AC0D98007A4554 /* Release */ = {
			isa = XCBuildConfiguration;
			buildSettings = {
				GCC_PRECOMPILE_PREFIX_HEADER = YES;
				GCC_PREFIX_HEADER = "Transit/SupportingFiles/Transit-Prefix.pch";
				INFOPLIST_FILE = "Transit/SupportingFiles/Transit-Info.plist";
				IPHONEOS_DEPLOYMENT_TARGET = 5.0;
				OTHER_LDFLAGS = (
					"-ObjC",
					"-all_load",
				);
				PRODUCT_NAME = "$(TARGET_NAME)";
				USER_HEADER_SEARCH_PATHS = "$(BUILT_PRODUCTS_DIR)/../../Headers/**";
				WRAPPER_EXTENSION = app;
			};
			name = Release;
		};
		1F59518F15AC0D98007A4554 /* Debug */ = {
			isa = XCBuildConfiguration;
			buildSettings = {
				BUNDLE_LOADER = "$(BUILT_PRODUCTS_DIR)/Transit.app/Transit";
				FRAMEWORK_SEARCH_PATHS = (
					"\"$(SDKROOT)/Developer/Library/Frameworks\"",
					"\"$(DEVELOPER_LIBRARY_DIR)/Frameworks\"",
				);
				GCC_PRECOMPILE_PREFIX_HEADER = YES;
				GCC_PREFIX_HEADER = "Transit/SupportingFiles/Transit-Prefix.pch";
				INFOPLIST_FILE = "TransitTests/TransitTests-Info.plist";
				IPHONEOS_DEPLOYMENT_TARGET = 5.0;
				PRODUCT_NAME = "$(TARGET_NAME)";
				TEST_HOST = "$(BUNDLE_LOADER)";
				USER_HEADER_SEARCH_PATHS = "$(BUILT_PRODUCTS_DIR)/../../Headers/**";
				WRAPPER_EXTENSION = octest;
			};
			name = Debug;
		};
		1F59519015AC0D98007A4554 /* Release */ = {
			isa = XCBuildConfiguration;
			buildSettings = {
				BUNDLE_LOADER = "$(BUILT_PRODUCTS_DIR)/Transit.app/Transit";
				FRAMEWORK_SEARCH_PATHS = (
					"\"$(SDKROOT)/Developer/Library/Frameworks\"",
					"\"$(DEVELOPER_LIBRARY_DIR)/Frameworks\"",
				);
				GCC_PRECOMPILE_PREFIX_HEADER = YES;
				GCC_PREFIX_HEADER = "Transit/SupportingFiles/Transit-Prefix.pch";
				INFOPLIST_FILE = "TransitTests/TransitTests-Info.plist";
				IPHONEOS_DEPLOYMENT_TARGET = 5.0;
				PRODUCT_NAME = "$(TARGET_NAME)";
				TEST_HOST = "$(BUNDLE_LOADER)";
				USER_HEADER_SEARCH_PATHS = "$(BUILT_PRODUCTS_DIR)/../../Headers/**";
				WRAPPER_EXTENSION = octest;
			};
			name = Release;
		};
/* End XCBuildConfiguration section */

/* Begin XCConfigurationList section */
		1F59515215AC0D98007A4554 /* Build configuration list for PBXProject "Transit" */ = {
			isa = XCConfigurationList;
			buildConfigurations = (
				1F59518915AC0D98007A4554 /* Debug */,
				1F59518A15AC0D98007A4554 /* Release */,
			);
			defaultConfigurationIsVisible = 0;
			defaultConfigurationName = Release;
		};
		1F59518B15AC0D98007A4554 /* Build configuration list for PBXNativeTarget "Transit" */ = {
			isa = XCConfigurationList;
			buildConfigurations = (
				1F59518C15AC0D98007A4554 /* Debug */,
				1F59518D15AC0D98007A4554 /* Release */,
			);
			defaultConfigurationIsVisible = 0;
			defaultConfigurationName = Release;
		};
		1F59518E15AC0D98007A4554 /* Build configuration list for PBXNativeTarget "TransitTests" */ = {
			isa = XCConfigurationList;
			buildConfigurations = (
				1F59518F15AC0D98007A4554 /* Debug */,
				1F59519015AC0D98007A4554 /* Release */,
			);
			defaultConfigurationIsVisible = 0;
			defaultConfigurationName = Release;
		};
/* End XCConfigurationList section */
	};
	rootObject = 1F59514F15AC0D98007A4554 /* Project object */;
}
